
Microsoft Visual Studio Solution File, Format Version 12.00
# Visual Studio 15
VisualStudioVersion = 15.0.28307.136
MinimumVisualStudioVersion = 10.0.40219.1
Project("{FAE04EC0-301F-11D3-BF4B-00C04F79EFBC}") = "Do", "Do\Do.csproj", "{566DBA2E-D77B-4EE9-8BDC-09BCC281D63E}"
EndProject
Project("{FAE04EC0-301F-11D3-BF4B-00C04F79EFBC}") = "V", "V\V.csproj", "{716166D7-C36A-4330-AA8F-C9A48D9D7458}"
EndProject
Project("{FAE04EC0-301F-11D3-BF4B-00C04F79EFBC}") = "5.1", "5.1\5.1.csproj", "{04049F8B-0827-4939-8426-EAF0848BEDE9}"
EndProject
Project("{FAE04EC0-301F-11D3-BF4B-00C04F79EFBC}") = "5.1.1", "5.1.1\5.1.1.csproj", "{EC2DA991-5DB8-4477-8246-616E5B16E309}"
EndProject
Project("{FAE04EC0-301F-11D3-BF4B-00C04F79EFBC}") = "5.1.2", "5.1.2\5.1.2.csproj", "{DF0003A7-421E-435E-A4B7-A4075ABABDDC}"
EndProject
Project("{FAE04EC0-301F-11D3-BF4B-00C04F79EFBC}") = "5.2", "5.2\5.2.csproj", "{CE2F8782-0961-431D-9122-3C6CB24A7C43}"
EndProject
Project("{FAE04EC0-301F-11D3-BF4B-00C04F79EFBC}") = "5.2.1", "5.2.1\5.2.1.csproj", "{FC858619-E998-40BE-938F-E6D59736A65C}"
EndProject
Project("{FAE04EC0-301F-11D3-BF4B-00C04F79EFBC}") = "5.2.2", "5.2.2\5.2.2.csproj", "{E3AEB0F5-F88E-4AD4-9B4A-DECB85841317}"
EndProject
Project("{FAE04EC0-301F-11D3-BF4B-00C04F79EFBC}") = "5.2.3amax", "5.2.3amax\5.2.3amax.csproj", "{DCBA8DAE-F04C-4359-A290-47DB768F7DC5}"
EndProject
Project("{FAE04EC0-301F-11D3-BF4B-00C04F79EFBC}") = "7.1Rf+Rv", "7.1Rf+Rv\7.1Rf+Rv.csproj", "{2C5B14EF-0184-4A14-B855-7C13C85E8835}"
EndProject
Project("{FAE04EC0-301F-11D3-BF4B-00C04F79EFBC}") = "6.1Ft", "6.1Ft\6.1Ft.csproj", "{AE4D6910-E20F-4ED1-82FA-8590C0838018}"
EndProject
Project("{FAE04EC0-301F-11D3-BF4B-00C04F79EFBC}") = "6.1.2Ft2", "6.1.2Ft2\6.1.2Ft2.csproj", "{D1AC24F4-B396-4A23-B542-8E792C63C4F0}"
EndProject
Project("{FAE04EC0-301F-11D3-BF4B-00C04F79EFBC}") = "6.1.3-i1", "6.1.3-i1\6.1.3-i1.csproj", "{F95FBDD0-AC45-4CCD-BF1D-7F35F98A4BC5}"
EndProject
Project("{FAE04EC0-301F-11D3-BF4B-00C04F79EFBC}") = "6.2.3-q", "6.2.3-q\6.2.3-q.csproj", "{DEEC4BF4-A234-4CA8-ADA6-7BFC91ED950F}"
EndProject
Project("{FAE04EC0-301F-11D3-BF4B-00C04F79EFBC}") = "7.1.2-Fti", "7.1.2-Fti\7.1.2-Fti.csproj", "{80471E59-B642-4C85-AB38-BE5E2D8F9B8D}"
EndProject
Project("{FAE04EC0-301F-11D3-BF4B-00C04F79EFBC}") = "7.1.3-Vi", "7.1.3-Vi\7.1.3-Vi.csproj", "{4E494C9F-FA23-4BAE-B78D-FD9E94123985}"
EndProject
Project("{FAE04EC0-301F-11D3-BF4B-00C04F79EFBC}") = "7.1.5-Fhyp", "7.1.5-Fhyp\7.1.5-Fhyp.csproj", "{C21FA70E-080E-4B7D-B41C-8734F7BEC548}"
EndProject
Project("{FAE04EC0-301F-11D3-BF4B-00C04F79EFBC}") = "8.1.1-D0", "8.1.1-D0\8.1.1-D0.csproj", "{D42E865D-D0C8-480A-B398-0D71ABADD829}"
EndProject
Project("{FAE04EC0-301F-11D3-BF4B-00C04F79EFBC}") = "9.1-Tabela28", "9.1-Tabela28\9.1-Tabela28.csproj", "{605D17C2-2B52-483F-8F81-1E72E0473638}"
EndProject
Project("{FAE04EC0-301F-11D3-BF4B-00C04F79EFBC}") = "9.1.2-Pe0", "9.1.2-Pe0\9.1.2-Pe0.csproj", "{FF2F354C-5D50-407C-B099-8250FFF077FB}"
EndProject
Project("{FAE04EC0-301F-11D3-BF4B-00C04F79EFBC}") = "9.1.3-Pf+Pv Nipe", "9.1.3-Pf+Pv Nipe\9.1.3-Pf+Pv Nipe.csproj", "{B4B3BA1F-BEB9-4671-8E0D-FE1F4CB81412}"
EndProject
Project("{FAE04EC0-301F-11D3-BF4B-00C04F79EFBC}") = "9.1.4-Pr", "9.1.4-Pr\9.1.4-Pr.csproj", "{03D9EFB8-5744-48E3-B954-E6C1CD6D067E}"
EndProject
Project("{FAE04EC0-301F-11D3-BF4B-00C04F79EFBC}") = "10.1-Sigmai", "10.1-Sigmai\10.1-Sigmai.csproj", "{2F0693B1-8E86-43DE-B696-4B99A6399B58}"
EndProject
Project("{FAE04EC0-301F-11D3-BF4B-00C04F79EFBC}") = "10.1.2-V za tabela", "10.1.2-V za tabela\10.1.2-V za tabela.csproj", "{E1531F8C-8BEE-46D1-9AE1-DD83A59677FE}"
EndProject
Project("{FAE04EC0-301F-11D3-BF4B-00C04F79EFBC}") = "10.1.3-a", "10.1.3-a\10.1.3-a.csproj", "{5A92A1A7-1E08-4D1A-8C3C-33457107BCC2}"
EndProject
Project("{FAE04EC0-301F-11D3-BF4B-00C04F79EFBC}") = "12.1", "12.1\12.1.csproj", "{E3D5A699-0530-431E-9C31-08A6C5C13712}"
EndProject
Project("{FAE04EC0-301F-11D3-BF4B-00C04F79EFBC}") = "12.1.2", "12.1.2\12.1.2.csproj", "{664C5D6F-A393-4ADE-AA84-ADB371905F9B}"
EndProject
Project("{FAE04EC0-301F-11D3-BF4B-00C04F79EFBC}") = "12.2.1", "12.2.1\12.2.1.csproj", "{8574F18F-48EB-408D-B7DA-9E23A7EB8233}"
EndProject
Project("{FAE04EC0-301F-11D3-BF4B-00C04F79EFBC}") = "12.4.1", "12.4.1\12.4.1.csproj", "{9135B563-6D6C-4299-BDBF-4A7674CD2DA6}"
EndProject
Project("{FAE04EC0-301F-11D3-BF4B-00C04F79EFBC}") = "12.5", "12.5\12.5.csproj", "{224869B1-9B05-4C7D-8DA8-2E2040F8D191}"
EndProject
Project("{FAE04EC0-301F-11D3-BF4B-00C04F79EFBC}") = "Fk za tabela", "Fk za tabela\Fk za tabela.csproj", "{4C574D43-54D9-4074-AE2A-3FD129BF109B}"
EndProject
Project("{FAE04EC0-301F-11D3-BF4B-00C04F79EFBC}") = "Tabela 34", "Tabela 34\Tabela 34.csproj", "{64A82B35-C774-48AE-8210-07D0154E8901}"
EndProject
Project("{FAE04EC0-301F-11D3-BF4B-00C04F79EFBC}") = "13.1", "13.1\13.1.csproj", "{230A5076-6A94-4430-B915-A6ECA6E766C5}"
EndProject
Project("{FAE04EC0-301F-11D3-BF4B-00C04F79EFBC}") = "dasdasewdwasdwad", "dasdasewdwasdwad\dasdasewdwasdwad.csproj", "{9AF286FC-8148-415D-A8F1-D8E08A059E3D}"
EndProject
Project("{FAE04EC0-301F-11D3-BF4B-00C04F79EFBC}") = "tz", "tz\tz.csproj", "{BBBA24E0-B6AD-4B23-93FE-0309EA5A3001}"
EndProject
Global
	GlobalSection(SolutionConfigurationPlatforms) = preSolution
		Debug|Any CPU = Debug|Any CPU
		Release|Any CPU = Release|Any CPU
	EndGlobalSection
	GlobalSection(ProjectConfigurationPlatforms) = postSolution
		{566DBA2E-D77B-4EE9-8BDC-09BCC281D63E}.Debug|Any CPU.ActiveCfg = Debug|Any CPU
		{566DBA2E-D77B-4EE9-8BDC-09BCC281D63E}.Debug|Any CPU.Build.0 = Debug|Any CPU
		{566DBA2E-D77B-4EE9-8BDC-09BCC281D63E}.Release|Any CPU.ActiveCfg = Release|Any CPU
		{566DBA2E-D77B-4EE9-8BDC-09BCC281D63E}.Release|Any CPU.Build.0 = Release|Any CPU
		{716166D7-C36A-4330-AA8F-C9A48D9D7458}.Debug|Any CPU.ActiveCfg = Debug|Any CPU
		{716166D7-C36A-4330-AA8F-C9A48D9D7458}.Debug|Any CPU.Build.0 = Debug|Any CPU
		{716166D7-C36A-4330-AA8F-C9A48D9D7458}.Release|Any CPU.ActiveCfg = Release|Any CPU
		{716166D7-C36A-4330-AA8F-C9A48D9D7458}.Release|Any CPU.Build.0 = Release|Any CPU
		{04049F8B-0827-4939-8426-EAF0848BEDE9}.Debug|Any CPU.ActiveCfg = Debug|Any CPU
		{04049F8B-0827-4939-8426-EAF0848BEDE9}.Debug|Any CPU.Build.0 = Debug|Any CPU
		{04049F8B-0827-4939-8426-EAF0848BEDE9}.Release|Any CPU.ActiveCfg = Release|Any CPU
		{04049F8B-0827-4939-8426-EAF0848BEDE9}.Release|Any CPU.Build.0 = Release|Any CPU
		{EC2DA991-5DB8-4477-8246-616E5B16E309}.Debug|Any CPU.ActiveCfg = Debug|Any CPU
		{EC2DA991-5DB8-4477-8246-616E5B16E309}.Debug|Any CPU.Build.0 = Debug|Any CPU
		{EC2DA991-5DB8-4477-8246-616E5B16E309}.Release|Any CPU.ActiveCfg = Release|Any CPU
		{EC2DA991-5DB8-4477-8246-616E5B16E309}.Release|Any CPU.Build.0 = Release|Any CPU
		{DF0003A7-421E-435E-A4B7-A4075ABABDDC}.Debug|Any CPU.ActiveCfg = Debug|Any CPU
		{DF0003A7-421E-435E-A4B7-A4075ABABDDC}.Debug|Any CPU.Build.0 = Debug|Any CPU
		{DF0003A7-421E-435E-A4B7-A4075ABABDDC}.Release|Any CPU.ActiveCfg = Release|Any CPU
		{DF0003A7-421E-435E-A4B7-A4075ABABDDC}.Release|Any CPU.Build.0 = Release|Any CPU
		{CE2F8782-0961-431D-9122-3C6CB24A7C43}.Debug|Any CPU.ActiveCfg = Debug|Any CPU
		{CE2F8782-0961-431D-9122-3C6CB24A7C43}.Debug|Any CPU.Build.0 = Debug|Any CPU
		{CE2F8782-0961-431D-9122-3C6CB24A7C43}.Release|Any CPU.ActiveCfg = Release|Any CPU
		{CE2F8782-0961-431D-9122-3C6CB24A7C43}.Release|Any CPU.Build.0 = Release|Any CPU
		{FC858619-E998-40BE-938F-E6D59736A65C}.Debug|Any CPU.ActiveCfg = Debug|Any CPU
		{FC858619-E998-40BE-938F-E6D59736A65C}.Debug|Any CPU.Build.0 = Debug|Any CPU
		{FC858619-E998-40BE-938F-E6D59736A65C}.Release|Any CPU.ActiveCfg = Release|Any CPU
		{FC858619-E998-40BE-938F-E6D59736A65C}.Release|Any CPU.Build.0 = Release|Any CPU
		{E3AEB0F5-F88E-4AD4-9B4A-DECB85841317}.Debug|Any CPU.ActiveCfg = Debug|Any CPU
		{E3AEB0F5-F88E-4AD4-9B4A-DECB85841317}.Debug|Any CPU.Build.0 = Debug|Any CPU
		{E3AEB0F5-F88E-4AD4-9B4A-DECB85841317}.Release|Any CPU.ActiveCfg = Release|Any CPU
		{E3AEB0F5-F88E-4AD4-9B4A-DECB85841317}.Release|Any CPU.Build.0 = Release|Any CPU
		{DCBA8DAE-F04C-4359-A290-47DB768F7DC5}.Debug|Any CPU.ActiveCfg = Debug|Any CPU
		{DCBA8DAE-F04C-4359-A290-47DB768F7DC5}.Debug|Any CPU.Build.0 = Debug|Any CPU
		{DCBA8DAE-F04C-4359-A290-47DB768F7DC5}.Release|Any CPU.ActiveCfg = Release|Any CPU
		{DCBA8DAE-F04C-4359-A290-47DB768F7DC5}.Release|Any CPU.Build.0 = Release|Any CPU
		{2C5B14EF-0184-4A14-B855-7C13C85E8835}.Debug|Any CPU.ActiveCfg = Debug|Any CPU
		{2C5B14EF-0184-4A14-B855-7C13C85E8835}.Debug|Any CPU.Build.0 = Debug|Any CPU
		{2C5B14EF-0184-4A14-B855-7C13C85E8835}.Release|Any CPU.ActiveCfg = Release|Any CPU
		{2C5B14EF-0184-4A14-B855-7C13C85E8835}.Release|Any CPU.Build.0 = Release|Any CPU
		{AE4D6910-E20F-4ED1-82FA-8590C0838018}.Debug|Any CPU.ActiveCfg = Debug|Any CPU
		{AE4D6910-E20F-4ED1-82FA-8590C0838018}.Debug|Any CPU.Build.0 = Debug|Any CPU
		{AE4D6910-E20F-4ED1-82FA-8590C0838018}.Release|Any CPU.ActiveCfg = Release|Any CPU
		{AE4D6910-E20F-4ED1-82FA-8590C0838018}.Release|Any CPU.Build.0 = Release|Any CPU
		{D1AC24F4-B396-4A23-B542-8E792C63C4F0}.Debug|Any CPU.ActiveCfg = Debug|Any CPU
		{D1AC24F4-B396-4A23-B542-8E792C63C4F0}.Debug|Any CPU.Build.0 = Debug|Any CPU
		{D1AC24F4-B396-4A23-B542-8E792C63C4F0}.Release|Any CPU.ActiveCfg = Release|Any CPU
		{D1AC24F4-B396-4A23-B542-8E792C63C4F0}.Release|Any CPU.Build.0 = Release|Any CPU
		{F95FBDD0-AC45-4CCD-BF1D-7F35F98A4BC5}.Debug|Any CPU.ActiveCfg = Debug|Any CPU
		{F95FBDD0-AC45-4CCD-BF1D-7F35F98A4BC5}.Debug|Any CPU.Build.0 = Debug|Any CPU
		{F95FBDD0-AC45-4CCD-BF1D-7F35F98A4BC5}.Release|Any CPU.ActiveCfg = Release|Any CPU
		{F95FBDD0-AC45-4CCD-BF1D-7F35F98A4BC5}.Release|Any CPU.Build.0 = Release|Any CPU
		{DEEC4BF4-A234-4CA8-ADA6-7BFC91ED950F}.Debug|Any CPU.ActiveCfg = Debug|Any CPU
		{DEEC4BF4-A234-4CA8-ADA6-7BFC91ED950F}.Debug|Any CPU.Build.0 = Debug|Any CPU
		{DEEC4BF4-A234-4CA8-ADA6-7BFC91ED950F}.Release|Any CPU.ActiveCfg = Release|Any CPU
		{DEEC4BF4-A234-4CA8-ADA6-7BFC91ED950F}.Release|Any CPU.Build.0 = Release|Any CPU
		{80471E59-B642-4C85-AB38-BE5E2D8F9B8D}.Debug|Any CPU.ActiveCfg = Debug|Any CPU
		{80471E59-B642-4C85-AB38-BE5E2D8F9B8D}.Debug|Any CPU.Build.0 = Debug|Any CPU
		{80471E59-B642-4C85-AB38-BE5E2D8F9B8D}.Release|Any CPU.ActiveCfg = Release|Any CPU
		{80471E59-B642-4C85-AB38-BE5E2D8F9B8D}.Release|Any CPU.Build.0 = Release|Any CPU
		{4E494C9F-FA23-4BAE-B78D-FD9E94123985}.Debug|Any CPU.ActiveCfg = Debug|Any CPU
		{4E494C9F-FA23-4BAE-B78D-FD9E94123985}.Debug|Any CPU.Build.0 = Debug|Any CPU
		{4E494C9F-FA23-4BAE-B78D-FD9E94123985}.Release|Any CPU.ActiveCfg = Release|Any CPU
		{4E494C9F-FA23-4BAE-B78D-FD9E94123985}.Release|Any CPU.Build.0 = Release|Any CPU
		{C21FA70E-080E-4B7D-B41C-8734F7BEC548}.Debug|Any CPU.ActiveCfg = Debug|Any CPU
		{C21FA70E-080E-4B7D-B41C-8734F7BEC548}.Debug|Any CPU.Build.0 = Debug|Any CPU
		{C21FA70E-080E-4B7D-B41C-8734F7BEC548}.Release|Any CPU.ActiveCfg = Release|Any CPU
		{C21FA70E-080E-4B7D-B41C-8734F7BEC548}.Release|Any CPU.Build.0 = Release|Any CPU
		{D42E865D-D0C8-480A-B398-0D71ABADD829}.Debug|Any CPU.ActiveCfg = Debug|Any CPU
		{D42E865D-D0C8-480A-B398-0D71ABADD829}.Debug|Any CPU.Build.0 = Debug|Any CPU
		{D42E865D-D0C8-480A-B398-0D71ABADD829}.Release|Any CPU.ActiveCfg = Release|Any CPU
		{D42E865D-D0C8-480A-B398-0D71ABADD829}.Release|Any CPU.Build.0 = Release|Any CPU
		{605D17C2-2B52-483F-8F81-1E72E0473638}.Debug|Any CPU.ActiveCfg = Debug|Any CPU
		{605D17C2-2B52-483F-8F81-1E72E0473638}.Debug|Any CPU.Build.0 = Debug|Any CPU
		{605D17C2-2B52-483F-8F81-1E72E0473638}.Release|Any CPU.ActiveCfg = Release|Any CPU
		{605D17C2-2B52-483F-8F81-1E72E0473638}.Release|Any CPU.Build.0 = Release|Any CPU
		{FF2F354C-5D50-407C-B099-8250FFF077FB}.Debug|Any CPU.ActiveCfg = Debug|Any CPU
		{FF2F354C-5D50-407C-B099-8250FFF077FB}.Debug|Any CPU.Build.0 = Debug|Any CPU
		{FF2F354C-5D50-407C-B099-8250FFF077FB}.Release|Any CPU.ActiveCfg = Release|Any CPU
		{FF2F354C-5D50-407C-B099-8250FFF077FB}.Release|Any CPU.Build.0 = Release|Any CPU
		{B4B3BA1F-BEB9-4671-8E0D-FE1F4CB81412}.Debug|Any CPU.ActiveCfg = Debug|Any CPU
		{B4B3BA1F-BEB9-4671-8E0D-FE1F4CB81412}.Debug|Any CPU.Build.0 = Debug|Any CPU
		{B4B3BA1F-BEB9-4671-8E0D-FE1F4CB81412}.Release|Any CPU.ActiveCfg = Release|Any CPU
		{B4B3BA1F-BEB9-4671-8E0D-FE1F4CB81412}.Release|Any CPU.Build.0 = Release|Any CPU
		{03D9EFB8-5744-48E3-B954-E6C1CD6D067E}.Debug|Any CPU.ActiveCfg = Debug|Any CPU
		{03D9EFB8-5744-48E3-B954-E6C1CD6D067E}.Debug|Any CPU.Build.0 = Debug|Any CPU
		{03D9EFB8-5744-48E3-B954-E6C1CD6D067E}.Release|Any CPU.ActiveCfg = Release|Any CPU
		{03D9EFB8-5744-48E3-B954-E6C1CD6D067E}.Release|Any CPU.Build.0 = Release|Any CPU
		{2F0693B1-8E86-43DE-B696-4B99A6399B58}.Debug|Any CPU.ActiveCfg = Debug|Any CPU
		{2F0693B1-8E86-43DE-B696-4B99A6399B58}.Debug|Any CPU.Build.0 = Debug|Any CPU
		{2F0693B1-8E86-43DE-B696-4B99A6399B58}.Release|Any CPU.ActiveCfg = Release|Any CPU
		{2F0693B1-8E86-43DE-B696-4B99A6399B58}.Release|Any CPU.Build.0 = Release|Any CPU
		{E1531F8C-8BEE-46D1-9AE1-DD83A59677FE}.Debug|Any CPU.ActiveCfg = Debug|Any CPU
		{E1531F8C-8BEE-46D1-9AE1-DD83A59677FE}.Debug|Any CPU.Build.0 = Debug|Any CPU
		{E1531F8C-8BEE-46D1-9AE1-DD83A59677FE}.Release|Any CPU.ActiveCfg = Release|Any CPU
		{E1531F8C-8BEE-46D1-9AE1-DD83A59677FE}.Release|Any CPU.Build.0 = Release|Any CPU
		{5A92A1A7-1E08-4D1A-8C3C-33457107BCC2}.Debug|Any CPU.ActiveCfg = Debug|Any CPU
		{5A92A1A7-1E08-4D1A-8C3C-33457107BCC2}.Debug|Any CPU.Build.0 = Debug|Any CPU
		{5A92A1A7-1E08-4D1A-8C3C-33457107BCC2}.Release|Any CPU.ActiveCfg = Release|Any CPU
		{5A92A1A7-1E08-4D1A-8C3C-33457107BCC2}.Release|Any CPU.Build.0 = Release|Any CPU
		{E3D5A699-0530-431E-9C31-08A6C5C13712}.Debug|Any CPU.ActiveCfg = Debug|Any CPU
		{E3D5A699-0530-431E-9C31-08A6C5C13712}.Debug|Any CPU.Build.0 = Debug|Any CPU
		{E3D5A699-0530-431E-9C31-08A6C5C13712}.Release|Any CPU.ActiveCfg = Release|Any CPU
		{E3D5A699-0530-431E-9C31-08A6C5C13712}.Release|Any CPU.Build.0 = Release|Any CPU
		{664C5D6F-A393-4ADE-AA84-ADB371905F9B}.Debug|Any CPU.ActiveCfg = Debug|Any CPU
		{664C5D6F-A393-4ADE-AA84-ADB371905F9B}.Debug|Any CPU.Build.0 = Debug|Any CPU
		{664C5D6F-A393-4ADE-AA84-ADB371905F9B}.Release|Any CPU.ActiveCfg = Release|Any CPU
		{664C5D6F-A393-4ADE-AA84-ADB371905F9B}.Release|Any CPU.Build.0 = Release|Any CPU
		{8574F18F-48EB-408D-B7DA-9E23A7EB8233}.Debug|Any CPU.ActiveCfg = Debug|Any CPU
		{8574F18F-48EB-408D-B7DA-9E23A7EB8233}.Debug|Any CPU.Build.0 = Debug|Any CPU
		{8574F18F-48EB-408D-B7DA-9E23A7EB8233}.Release|Any CPU.ActiveCfg = Release|Any CPU
		{8574F18F-48EB-408D-B7DA-9E23A7EB8233}.Release|Any CPU.Build.0 = Release|Any CPU
		{9135B563-6D6C-4299-BDBF-4A7674CD2DA6}.Debug|Any CPU.ActiveCfg = Debug|Any CPU
		{9135B563-6D6C-4299-BDBF-4A7674CD2DA6}.Debug|Any CPU.Build.0 = Debug|Any CPU
		{9135B563-6D6C-4299-BDBF-4A7674CD2DA6}.Release|Any CPU.ActiveCfg = Release|Any CPU
		{9135B563-6D6C-4299-BDBF-4A7674CD2DA6}.Release|Any CPU.Build.0 = Release|Any CPU
		{224869B1-9B05-4C7D-8DA8-2E2040F8D191}.Debug|Any CPU.ActiveCfg = Debug|Any CPU
		{224869B1-9B05-4C7D-8DA8-2E2040F8D191}.Debug|Any CPU.Build.0 = Debug|Any CPU
		{224869B1-9B05-4C7D-8DA8-2E2040F8D191}.Release|Any CPU.ActiveCfg = Release|Any CPU
		{224869B1-9B05-4C7D-8DA8-2E2040F8D191}.Release|Any CPU.Build.0 = Release|Any CPU
		{4C574D43-54D9-4074-AE2A-3FD129BF109B}.Debug|Any CPU.ActiveCfg = Debug|Any CPU
		{4C574D43-54D9-4074-AE2A-3FD129BF109B}.Debug|Any CPU.Build.0 = Debug|Any CPU
		{4C574D43-54D9-4074-AE2A-3FD129BF109B}.Release|Any CPU.ActiveCfg = Release|Any CPU
		{4C574D43-54D9-4074-AE2A-3FD129BF109B}.Release|Any CPU.Build.0 = Release|Any CPU
		{64A82B35-C774-48AE-8210-07D0154E8901}.Debug|Any CPU.ActiveCfg = Debug|Any CPU
		{64A82B35-C774-48AE-8210-07D0154E8901}.Debug|Any CPU.Build.0 = Debug|Any CPU
		{64A82B35-C774-48AE-8210-07D0154E8901}.Release|Any CPU.ActiveCfg = Release|Any CPU
		{64A82B35-C774-48AE-8210-07D0154E8901}.Release|Any CPU.Build.0 = Release|Any CPU
		{230A5076-6A94-4430-B915-A6ECA6E766C5}.Debug|Any CPU.ActiveCfg = Debug|Any CPU
		{230A5076-6A94-4430-B915-A6ECA6E766C5}.Debug|Any CPU.Build.0 = Debug|Any CPU
		{230A5076-6A94-4430-B915-A6ECA6E766C5}.Release|Any CPU.ActiveCfg = Release|Any CPU
		{230A5076-6A94-4430-B915-A6ECA6E766C5}.Release|Any CPU.Build.0 = Release|Any CPU
		{9AF286FC-8148-415D-A8F1-D8E08A059E3D}.Debug|Any CPU.ActiveCfg = Debug|Any CPU
		{9AF286FC-8148-415D-A8F1-D8E08A059E3D}.Debug|Any CPU.Build.0 = Debug|Any CPU
		{9AF286FC-8148-415D-A8F1-D8E08A059E3D}.Release|Any CPU.ActiveCfg = Release|Any CPU
		{9AF286FC-8148-415D-A8F1-D8E08A059E3D}.Release|Any CPU.Build.0 = Release|Any CPU
		{BBBA24E0-B6AD-4B23-93FE-0309EA5A3001}.Debug|Any CPU.ActiveCfg = Debug|Any CPU
		{BBBA24E0-B6AD-4B23-93FE-0309EA5A3001}.Debug|Any CPU.Build.0 = Debug|Any CPU
		{BBBA24E0-B6AD-4B23-93FE-0309EA5A3001}.Release|Any CPU.ActiveCfg = Release|Any CPU
		{BBBA24E0-B6AD-4B23-93FE-0309EA5A3001}.Release|Any CPU.Build.0 = Release|Any CPU
	EndGlobalSection
	GlobalSection(SolutionProperties) = preSolution
		HideSolutionNode = FALSE
	EndGlobalSection
	GlobalSection(ExtensibilityGlobals) = postSolution
		SolutionGuid = {8FEB34DF-6029-4510-AC5E-66E7C2018B78}
	EndGlobalSection
EndGlobal
