
Microsoft Visual Studio Solution File, Format Version 12.00
# Visual Studio 15
VisualStudioVersion = 15.0.28307.136
MinimumVisualStudioVersion = 10.0.40219.1
Project("{FAE04EC0-301F-11D3-BF4B-00C04F79EFBC}") = "1", "Print Hello and your name in a separate line\1.csproj", "{86142C75-B3F3-438C-8EB2-E8CB831650A0}"
EndProject
Project("{FAE04EC0-301F-11D3-BF4B-00C04F79EFBC}") = "2", "Print the sum of two numbers\2.csproj", "{1B515685-7A64-4D69-BC12-CCB2053B2A52}"
EndProject
Project("{FAE04EC0-301F-11D3-BF4B-00C04F79EFBC}") = "3", "Print the result of dividing two numbers\3.csproj", "{9D1258F8-9508-4814-8EC8-D77EED74ACDF}"
EndProject
Project("{FAE04EC0-301F-11D3-BF4B-00C04F79EFBC}") = "4", "Print the result of the specified operations\4.csproj", "{0E1ABEDE-7978-414F-86FB-3A84BE73C2A6}"
EndProject
Project("{FAE04EC0-301F-11D3-BF4B-00C04F79EFBC}") = "5", "Swap two numbers\5.csproj", "{4518C756-8B02-4609-A564-DE778307374D}"
EndProject
Project("{FAE04EC0-301F-11D3-BF4B-00C04F79EFBC}") = "6", "Print the output of multiplication of three numbers\6.csproj", "{A651D860-0CCE-40BB-9593-E9662972D8BE}"
EndProject
Project("{FAE04EC0-301F-11D3-BF4B-00C04F79EFBC}") = "7", "Print the output of adding, subtracting, multiplying and dividing\7.csproj", "{6FC631A1-E831-4904-935A-FB27DE33F34B}"
EndProject
Project("{FAE04EC0-301F-11D3-BF4B-00C04F79EFBC}") = "8", "That takes a number as input and print its multiplication table\8.csproj", "{C9154FEC-84C5-4D71-AAFC-76BF8A9CEEC5}"
EndProject
Project("{FAE04EC0-301F-11D3-BF4B-00C04F79EFBC}") = "9", "Takes four numbers as input to calculate and print the average\9.csproj", "{821138EA-52B9-4AA1-B66F-724120B69D63}"
EndProject
Project("{FAE04EC0-301F-11D3-BF4B-00C04F79EFBC}") = "10", "10\10.csproj", "{BF276EEF-B004-446A-9C59-E79C4FEA15D9}"
EndProject
Project("{FAE04EC0-301F-11D3-BF4B-00C04F79EFBC}") = "11", "11\11.csproj", "{A384A6C5-BC2A-4625-85E6-D22A16575279}"
EndProject
Project("{FAE04EC0-301F-11D3-BF4B-00C04F79EFBC}") = "12", "12\12.csproj", "{DA8DD17B-A71D-428A-8748-109BFFFE824E}"
EndProject
Project("{FAE04EC0-301F-11D3-BF4B-00C04F79EFBC}") = "13", "13\13.csproj", "{C3839B31-BE0B-4020-BF59-38C27AA561CD}"
EndProject
Project("{FAE04EC0-301F-11D3-BF4B-00C04F79EFBC}") = "14", "14\14.csproj", "{D6EDD28D-6ACB-440C-9819-0D172B7C22B1}"
EndProject
Project("{FAE04EC0-301F-11D3-BF4B-00C04F79EFBC}") = "15", "15\15.csproj", "{CE130C5E-964D-41C3-9B76-FF5DFD81B8D5}"
EndProject
Project("{FAE04EC0-301F-11D3-BF4B-00C04F79EFBC}") = "16", "16\16.csproj", "{A777CE9E-FAD8-4BFC-B75F-EC04A37A4A52}"
EndProject
Project("{FAE04EC0-301F-11D3-BF4B-00C04F79EFBC}") = "17", "17\17.csproj", "{B4871B9C-DC3B-47F7-9C70-1273B7534283}"
EndProject
Project("{FAE04EC0-301F-11D3-BF4B-00C04F79EFBC}") = "18", "18\18.csproj", "{B4686232-5F68-4CD1-A29F-A30930F1F172}"
EndProject
Project("{FAE04EC0-301F-11D3-BF4B-00C04F79EFBC}") = "19", "19\19.csproj", "{1F9D8870-00C1-4997-BA14-05EEDB76AC48}"
EndProject
Project("{FAE04EC0-301F-11D3-BF4B-00C04F79EFBC}") = "20", "20\20.csproj", "{EDD5BD3E-7A6E-4AF8-8B0E-93C4BF68C4EE}"
EndProject
Project("{FAE04EC0-301F-11D3-BF4B-00C04F79EFBC}") = "21", "21\21.csproj", "{E6BAE95A-BC83-4C58-A4F6-3DC52FDD5D89}"
EndProject
Project("{FAE04EC0-301F-11D3-BF4B-00C04F79EFBC}") = "22", "22\22.csproj", "{81DE5529-F3CE-45B5-802E-45D948185BA8}"
EndProject
Project("{FAE04EC0-301F-11D3-BF4B-00C04F79EFBC}") = "23", "23\23.csproj", "{F5625AE5-D70B-4E1D-BCBC-41DF43BC6843}"
EndProject
Project("{FAE04EC0-301F-11D3-BF4B-00C04F79EFBC}") = "24", "24\24.csproj", "{39E689B1-653A-4C5B-82FF-82B6AA9B3911}"
EndProject
Project("{FAE04EC0-301F-11D3-BF4B-00C04F79EFBC}") = "25", "25\25.csproj", "{61A802DF-1FBC-4C94-B314-006A1EA63002}"
EndProject
Project("{FAE04EC0-301F-11D3-BF4B-00C04F79EFBC}") = "26", "26\26.csproj", "{E945F344-D5C8-4485-9C74-C616C0D00EB9}"
EndProject
Project("{FAE04EC0-301F-11D3-BF4B-00C04F79EFBC}") = "27", "27\27.csproj", "{8928F3A1-6B8A-4834-B338-1902C2B2A4F3}"
EndProject
Project("{FAE04EC0-301F-11D3-BF4B-00C04F79EFBC}") = "28", "28\28.csproj", "{1BED4053-F326-4C99-BFE5-DB0EAB05B6CD}"
EndProject
Project("{FAE04EC0-301F-11D3-BF4B-00C04F79EFBC}") = "29", "29\29.csproj", "{73A28D1A-D29D-455B-8FC0-9CD263392F4B}"
EndProject
Project("{FAE04EC0-301F-11D3-BF4B-00C04F79EFBC}") = "30", "30\30.csproj", "{7355874F-5586-4CAB-8327-3A053412E095}"
EndProject
Project("{FAE04EC0-301F-11D3-BF4B-00C04F79EFBC}") = "31", "31\31.csproj", "{AC45D6FE-39C0-4098-809D-9DABB6F1CB3D}"
EndProject
Project("{FAE04EC0-301F-11D3-BF4B-00C04F79EFBC}") = "32", "32\32.csproj", "{0ECE7532-16CA-44F8-A84D-AAB7A5021243}"
EndProject
Project("{FAE04EC0-301F-11D3-BF4B-00C04F79EFBC}") = "33", "33\33.csproj", "{53284889-3B5D-4587-8F24-CF82CCB68CD5}"
EndProject
Project("{FAE04EC0-301F-11D3-BF4B-00C04F79EFBC}") = "34", "34\34.csproj", "{1F7BD222-9377-4A31-A7F6-BBC2C1FA2593}"
EndProject
Project("{FAE04EC0-301F-11D3-BF4B-00C04F79EFBC}") = "35", "35\35.csproj", "{54FBD279-0C9A-4EEC-8638-57492E479851}"
EndProject
Project("{FAE04EC0-301F-11D3-BF4B-00C04F79EFBC}") = "36", "36\36.csproj", "{522A424D-CCC7-4DFD-AB02-9D15EB167252}"
EndProject
Project("{FAE04EC0-301F-11D3-BF4B-00C04F79EFBC}") = "37", "37\37.csproj", "{521150EC-F727-4BEA-B765-55DD9E0C9B9D}"
EndProject
Project("{FAE04EC0-301F-11D3-BF4B-00C04F79EFBC}") = "38", "38\38.csproj", "{AC0FB2E6-7D4C-4A59-BE7E-56EC2BAA8E87}"
EndProject
Project("{FAE04EC0-301F-11D3-BF4B-00C04F79EFBC}") = "39", "39\39.csproj", "{12965847-6768-4398-80A0-BC4FBB7A8816}"
EndProject
Project("{FAE04EC0-301F-11D3-BF4B-00C04F79EFBC}") = "40", "40\40.csproj", "{7EC37D9E-D870-4829-8310-F73DD63E0338}"
EndProject
Project("{FAE04EC0-301F-11D3-BF4B-00C04F79EFBC}") = "41", "41\41.csproj", "{A266F9B2-5BD8-4F83-8CA3-13EA7B2E77EB}"
EndProject
Project("{FAE04EC0-301F-11D3-BF4B-00C04F79EFBC}") = "42", "42\42.csproj", "{CFE2F0F5-200C-4622-A89F-595485B9EEFA}"
EndProject
Project("{FAE04EC0-301F-11D3-BF4B-00C04F79EFBC}") = "43", "43\43.csproj", "{87C423B5-398B-454D-A78D-4DD8EBCDFE51}"
EndProject
Project("{FAE04EC0-301F-11D3-BF4B-00C04F79EFBC}") = "44", "44\44.csproj", "{4BD6AC6E-C6E5-4E7C-B319-AEAAD1D42CEB}"
EndProject
Project("{FAE04EC0-301F-11D3-BF4B-00C04F79EFBC}") = "45", "45\45.csproj", "{F464E845-1886-447D-A71E-B03BBCC30AA4}"
EndProject
Project("{FAE04EC0-301F-11D3-BF4B-00C04F79EFBC}") = "46", "46\46.csproj", "{D15A4AE8-E644-4FBC-8D15-89DA7C064E66}"
EndProject
Project("{FAE04EC0-301F-11D3-BF4B-00C04F79EFBC}") = "47", "47\47.csproj", "{5032DAC5-6134-4775-9B2B-2B311F624B1B}"
EndProject
Project("{FAE04EC0-301F-11D3-BF4B-00C04F79EFBC}") = "48", "48\48.csproj", "{2E5609A4-E7E5-4253-8B54-36F4E653DBFA}"
EndProject
Project("{FAE04EC0-301F-11D3-BF4B-00C04F79EFBC}") = "49", "49\49.csproj", "{1AF705E6-D15E-4578-A299-346345D25352}"
EndProject
Project("{FAE04EC0-301F-11D3-BF4B-00C04F79EFBC}") = "50", "50\50.csproj", "{2D77062E-6D8F-42F8-9F5D-712F7CB358F6}"
EndProject
Project("{FAE04EC0-301F-11D3-BF4B-00C04F79EFBC}") = "51", "51\51.csproj", "{338F9C7A-3FB7-4DC5-A9E3-4245233E84DA}"
EndProject
Project("{FAE04EC0-301F-11D3-BF4B-00C04F79EFBC}") = "52", "52\52.csproj", "{D308B230-CA57-4235-ADEA-C94984FA7B94}"
EndProject
Project("{FAE04EC0-301F-11D3-BF4B-00C04F79EFBC}") = "53", "53\53.csproj", "{8336CA6F-1EC8-4BD9-9C98-6652C32DAE9D}"
EndProject
Project("{FAE04EC0-301F-11D3-BF4B-00C04F79EFBC}") = "54", "54\54.csproj", "{6469AEAD-B0AF-45F0-9A7C-05FE51B778DD}"
EndProject
Project("{FAE04EC0-301F-11D3-BF4B-00C04F79EFBC}") = "55", "55\55.csproj", "{5C99E37B-208E-488F-8341-A1153454B8E9}"
EndProject
Project("{FAE04EC0-301F-11D3-BF4B-00C04F79EFBC}") = "56", "56\56.csproj", "{8D12714D-060E-47D2-9ECA-5F029B804DD3}"
EndProject
Project("{FAE04EC0-301F-11D3-BF4B-00C04F79EFBC}") = "57", "57\57.csproj", "{43578546-9659-4002-841E-BF4A5D06B9C9}"
EndProject
Project("{FAE04EC0-301F-11D3-BF4B-00C04F79EFBC}") = "Ex", "Ex\Ex.csproj", "{9DE262CA-B392-41D7-ABDA-40D71757E174}"
EndProject
Global
	GlobalSection(SolutionConfigurationPlatforms) = preSolution
		Debug|Any CPU = Debug|Any CPU
		Release|Any CPU = Release|Any CPU
	EndGlobalSection
	GlobalSection(ProjectConfigurationPlatforms) = postSolution
		{86142C75-B3F3-438C-8EB2-E8CB831650A0}.Debug|Any CPU.ActiveCfg = Debug|Any CPU
		{86142C75-B3F3-438C-8EB2-E8CB831650A0}.Debug|Any CPU.Build.0 = Debug|Any CPU
		{86142C75-B3F3-438C-8EB2-E8CB831650A0}.Release|Any CPU.ActiveCfg = Release|Any CPU
		{86142C75-B3F3-438C-8EB2-E8CB831650A0}.Release|Any CPU.Build.0 = Release|Any CPU
		{1B515685-7A64-4D69-BC12-CCB2053B2A52}.Debug|Any CPU.ActiveCfg = Debug|Any CPU
		{1B515685-7A64-4D69-BC12-CCB2053B2A52}.Debug|Any CPU.Build.0 = Debug|Any CPU
		{1B515685-7A64-4D69-BC12-CCB2053B2A52}.Release|Any CPU.ActiveCfg = Release|Any CPU
		{1B515685-7A64-4D69-BC12-CCB2053B2A52}.Release|Any CPU.Build.0 = Release|Any CPU
		{9D1258F8-9508-4814-8EC8-D77EED74ACDF}.Debug|Any CPU.ActiveCfg = Debug|Any CPU
		{9D1258F8-9508-4814-8EC8-D77EED74ACDF}.Debug|Any CPU.Build.0 = Debug|Any CPU
		{9D1258F8-9508-4814-8EC8-D77EED74ACDF}.Release|Any CPU.ActiveCfg = Release|Any CPU
		{9D1258F8-9508-4814-8EC8-D77EED74ACDF}.Release|Any CPU.Build.0 = Release|Any CPU
		{0E1ABEDE-7978-414F-86FB-3A84BE73C2A6}.Debug|Any CPU.ActiveCfg = Debug|Any CPU
		{0E1ABEDE-7978-414F-86FB-3A84BE73C2A6}.Debug|Any CPU.Build.0 = Debug|Any CPU
		{0E1ABEDE-7978-414F-86FB-3A84BE73C2A6}.Release|Any CPU.ActiveCfg = Release|Any CPU
		{0E1ABEDE-7978-414F-86FB-3A84BE73C2A6}.Release|Any CPU.Build.0 = Release|Any CPU
		{4518C756-8B02-4609-A564-DE778307374D}.Debug|Any CPU.ActiveCfg = Debug|Any CPU
		{4518C756-8B02-4609-A564-DE778307374D}.Debug|Any CPU.Build.0 = Debug|Any CPU
		{4518C756-8B02-4609-A564-DE778307374D}.Release|Any CPU.ActiveCfg = Release|Any CPU
		{4518C756-8B02-4609-A564-DE778307374D}.Release|Any CPU.Build.0 = Release|Any CPU
		{A651D860-0CCE-40BB-9593-E9662972D8BE}.Debug|Any CPU.ActiveCfg = Debug|Any CPU
		{A651D860-0CCE-40BB-9593-E9662972D8BE}.Debug|Any CPU.Build.0 = Debug|Any CPU
		{A651D860-0CCE-40BB-9593-E9662972D8BE}.Release|Any CPU.ActiveCfg = Release|Any CPU
		{A651D860-0CCE-40BB-9593-E9662972D8BE}.Release|Any CPU.Build.0 = Release|Any CPU
		{6FC631A1-E831-4904-935A-FB27DE33F34B}.Debug|Any CPU.ActiveCfg = Debug|Any CPU
		{6FC631A1-E831-4904-935A-FB27DE33F34B}.Debug|Any CPU.Build.0 = Debug|Any CPU
		{6FC631A1-E831-4904-935A-FB27DE33F34B}.Release|Any CPU.ActiveCfg = Release|Any CPU
		{6FC631A1-E831-4904-935A-FB27DE33F34B}.Release|Any CPU.Build.0 = Release|Any CPU
		{C9154FEC-84C5-4D71-AAFC-76BF8A9CEEC5}.Debug|Any CPU.ActiveCfg = Debug|Any CPU
		{C9154FEC-84C5-4D71-AAFC-76BF8A9CEEC5}.Debug|Any CPU.Build.0 = Debug|Any CPU
		{C9154FEC-84C5-4D71-AAFC-76BF8A9CEEC5}.Release|Any CPU.ActiveCfg = Release|Any CPU
		{C9154FEC-84C5-4D71-AAFC-76BF8A9CEEC5}.Release|Any CPU.Build.0 = Release|Any CPU
		{821138EA-52B9-4AA1-B66F-724120B69D63}.Debug|Any CPU.ActiveCfg = Debug|Any CPU
		{821138EA-52B9-4AA1-B66F-724120B69D63}.Debug|Any CPU.Build.0 = Debug|Any CPU
		{821138EA-52B9-4AA1-B66F-724120B69D63}.Release|Any CPU.ActiveCfg = Release|Any CPU
		{821138EA-52B9-4AA1-B66F-724120B69D63}.Release|Any CPU.Build.0 = Release|Any CPU
		{BF276EEF-B004-446A-9C59-E79C4FEA15D9}.Debug|Any CPU.ActiveCfg = Debug|Any CPU
		{BF276EEF-B004-446A-9C59-E79C4FEA15D9}.Debug|Any CPU.Build.0 = Debug|Any CPU
		{BF276EEF-B004-446A-9C59-E79C4FEA15D9}.Release|Any CPU.ActiveCfg = Release|Any CPU
		{BF276EEF-B004-446A-9C59-E79C4FEA15D9}.Release|Any CPU.Build.0 = Release|Any CPU
		{A384A6C5-BC2A-4625-85E6-D22A16575279}.Debug|Any CPU.ActiveCfg = Debug|Any CPU
		{A384A6C5-BC2A-4625-85E6-D22A16575279}.Debug|Any CPU.Build.0 = Debug|Any CPU
		{A384A6C5-BC2A-4625-85E6-D22A16575279}.Release|Any CPU.ActiveCfg = Release|Any CPU
		{A384A6C5-BC2A-4625-85E6-D22A16575279}.Release|Any CPU.Build.0 = Release|Any CPU
		{DA8DD17B-A71D-428A-8748-109BFFFE824E}.Debug|Any CPU.ActiveCfg = Debug|Any CPU
		{DA8DD17B-A71D-428A-8748-109BFFFE824E}.Debug|Any CPU.Build.0 = Debug|Any CPU
		{DA8DD17B-A71D-428A-8748-109BFFFE824E}.Release|Any CPU.ActiveCfg = Release|Any CPU
		{DA8DD17B-A71D-428A-8748-109BFFFE824E}.Release|Any CPU.Build.0 = Release|Any CPU
		{C3839B31-BE0B-4020-BF59-38C27AA561CD}.Debug|Any CPU.ActiveCfg = Debug|Any CPU
		{C3839B31-BE0B-4020-BF59-38C27AA561CD}.Debug|Any CPU.Build.0 = Debug|Any CPU
		{C3839B31-BE0B-4020-BF59-38C27AA561CD}.Release|Any CPU.ActiveCfg = Release|Any CPU
		{C3839B31-BE0B-4020-BF59-38C27AA561CD}.Release|Any CPU.Build.0 = Release|Any CPU
		{D6EDD28D-6ACB-440C-9819-0D172B7C22B1}.Debug|Any CPU.ActiveCfg = Debug|Any CPU
		{D6EDD28D-6ACB-440C-9819-0D172B7C22B1}.Debug|Any CPU.Build.0 = Debug|Any CPU
		{D6EDD28D-6ACB-440C-9819-0D172B7C22B1}.Release|Any CPU.ActiveCfg = Release|Any CPU
		{D6EDD28D-6ACB-440C-9819-0D172B7C22B1}.Release|Any CPU.Build.0 = Release|Any CPU
		{CE130C5E-964D-41C3-9B76-FF5DFD81B8D5}.Debug|Any CPU.ActiveCfg = Debug|Any CPU
		{CE130C5E-964D-41C3-9B76-FF5DFD81B8D5}.Debug|Any CPU.Build.0 = Debug|Any CPU
		{CE130C5E-964D-41C3-9B76-FF5DFD81B8D5}.Release|Any CPU.ActiveCfg = Release|Any CPU
		{CE130C5E-964D-41C3-9B76-FF5DFD81B8D5}.Release|Any CPU.Build.0 = Release|Any CPU
		{A777CE9E-FAD8-4BFC-B75F-EC04A37A4A52}.Debug|Any CPU.ActiveCfg = Debug|Any CPU
		{A777CE9E-FAD8-4BFC-B75F-EC04A37A4A52}.Debug|Any CPU.Build.0 = Debug|Any CPU
		{A777CE9E-FAD8-4BFC-B75F-EC04A37A4A52}.Release|Any CPU.ActiveCfg = Release|Any CPU
		{A777CE9E-FAD8-4BFC-B75F-EC04A37A4A52}.Release|Any CPU.Build.0 = Release|Any CPU
		{B4871B9C-DC3B-47F7-9C70-1273B7534283}.Debug|Any CPU.ActiveCfg = Debug|Any CPU
		{B4871B9C-DC3B-47F7-9C70-1273B7534283}.Debug|Any CPU.Build.0 = Debug|Any CPU
		{B4871B9C-DC3B-47F7-9C70-1273B7534283}.Release|Any CPU.ActiveCfg = Release|Any CPU
		{B4871B9C-DC3B-47F7-9C70-1273B7534283}.Release|Any CPU.Build.0 = Release|Any CPU
		{B4686232-5F68-4CD1-A29F-A30930F1F172}.Debug|Any CPU.ActiveCfg = Debug|Any CPU
		{B4686232-5F68-4CD1-A29F-A30930F1F172}.Debug|Any CPU.Build.0 = Debug|Any CPU
		{B4686232-5F68-4CD1-A29F-A30930F1F172}.Release|Any CPU.ActiveCfg = Release|Any CPU
		{B4686232-5F68-4CD1-A29F-A30930F1F172}.Release|Any CPU.Build.0 = Release|Any CPU
		{1F9D8870-00C1-4997-BA14-05EEDB76AC48}.Debug|Any CPU.ActiveCfg = Debug|Any CPU
		{1F9D8870-00C1-4997-BA14-05EEDB76AC48}.Debug|Any CPU.Build.0 = Debug|Any CPU
		{1F9D8870-00C1-4997-BA14-05EEDB76AC48}.Release|Any CPU.ActiveCfg = Release|Any CPU
		{1F9D8870-00C1-4997-BA14-05EEDB76AC48}.Release|Any CPU.Build.0 = Release|Any CPU
		{EDD5BD3E-7A6E-4AF8-8B0E-93C4BF68C4EE}.Debug|Any CPU.ActiveCfg = Debug|Any CPU
		{EDD5BD3E-7A6E-4AF8-8B0E-93C4BF68C4EE}.Debug|Any CPU.Build.0 = Debug|Any CPU
		{EDD5BD3E-7A6E-4AF8-8B0E-93C4BF68C4EE}.Release|Any CPU.ActiveCfg = Release|Any CPU
		{EDD5BD3E-7A6E-4AF8-8B0E-93C4BF68C4EE}.Release|Any CPU.Build.0 = Release|Any CPU
		{E6BAE95A-BC83-4C58-A4F6-3DC52FDD5D89}.Debug|Any CPU.ActiveCfg = Debug|Any CPU
		{E6BAE95A-BC83-4C58-A4F6-3DC52FDD5D89}.Debug|Any CPU.Build.0 = Debug|Any CPU
		{E6BAE95A-BC83-4C58-A4F6-3DC52FDD5D89}.Release|Any CPU.ActiveCfg = Release|Any CPU
		{E6BAE95A-BC83-4C58-A4F6-3DC52FDD5D89}.Release|Any CPU.Build.0 = Release|Any CPU
		{81DE5529-F3CE-45B5-802E-45D948185BA8}.Debug|Any CPU.ActiveCfg = Debug|Any CPU
		{81DE5529-F3CE-45B5-802E-45D948185BA8}.Debug|Any CPU.Build.0 = Debug|Any CPU
		{81DE5529-F3CE-45B5-802E-45D948185BA8}.Release|Any CPU.ActiveCfg = Release|Any CPU
		{81DE5529-F3CE-45B5-802E-45D948185BA8}.Release|Any CPU.Build.0 = Release|Any CPU
		{F5625AE5-D70B-4E1D-BCBC-41DF43BC6843}.Debug|Any CPU.ActiveCfg = Debug|Any CPU
		{F5625AE5-D70B-4E1D-BCBC-41DF43BC6843}.Debug|Any CPU.Build.0 = Debug|Any CPU
		{F5625AE5-D70B-4E1D-BCBC-41DF43BC6843}.Release|Any CPU.ActiveCfg = Release|Any CPU
		{F5625AE5-D70B-4E1D-BCBC-41DF43BC6843}.Release|Any CPU.Build.0 = Release|Any CPU
		{39E689B1-653A-4C5B-82FF-82B6AA9B3911}.Debug|Any CPU.ActiveCfg = Debug|Any CPU
		{39E689B1-653A-4C5B-82FF-82B6AA9B3911}.Debug|Any CPU.Build.0 = Debug|Any CPU
		{39E689B1-653A-4C5B-82FF-82B6AA9B3911}.Release|Any CPU.ActiveCfg = Release|Any CPU
		{39E689B1-653A-4C5B-82FF-82B6AA9B3911}.Release|Any CPU.Build.0 = Release|Any CPU
		{61A802DF-1FBC-4C94-B314-006A1EA63002}.Debug|Any CPU.ActiveCfg = Debug|Any CPU
		{61A802DF-1FBC-4C94-B314-006A1EA63002}.Debug|Any CPU.Build.0 = Debug|Any CPU
		{61A802DF-1FBC-4C94-B314-006A1EA63002}.Release|Any CPU.ActiveCfg = Release|Any CPU
		{61A802DF-1FBC-4C94-B314-006A1EA63002}.Release|Any CPU.Build.0 = Release|Any CPU
		{E945F344-D5C8-4485-9C74-C616C0D00EB9}.Debug|Any CPU.ActiveCfg = Debug|Any CPU
		{E945F344-D5C8-4485-9C74-C616C0D00EB9}.Debug|Any CPU.Build.0 = Debug|Any CPU
		{E945F344-D5C8-4485-9C74-C616C0D00EB9}.Release|Any CPU.ActiveCfg = Release|Any CPU
		{E945F344-D5C8-4485-9C74-C616C0D00EB9}.Release|Any CPU.Build.0 = Release|Any CPU
		{8928F3A1-6B8A-4834-B338-1902C2B2A4F3}.Debug|Any CPU.ActiveCfg = Debug|Any CPU
		{8928F3A1-6B8A-4834-B338-1902C2B2A4F3}.Debug|Any CPU.Build.0 = Debug|Any CPU
		{8928F3A1-6B8A-4834-B338-1902C2B2A4F3}.Release|Any CPU.ActiveCfg = Release|Any CPU
		{8928F3A1-6B8A-4834-B338-1902C2B2A4F3}.Release|Any CPU.Build.0 = Release|Any CPU
		{1BED4053-F326-4C99-BFE5-DB0EAB05B6CD}.Debug|Any CPU.ActiveCfg = Debug|Any CPU
		{1BED4053-F326-4C99-BFE5-DB0EAB05B6CD}.Debug|Any CPU.Build.0 = Debug|Any CPU
		{1BED4053-F326-4C99-BFE5-DB0EAB05B6CD}.Release|Any CPU.ActiveCfg = Release|Any CPU
		{1BED4053-F326-4C99-BFE5-DB0EAB05B6CD}.Release|Any CPU.Build.0 = Release|Any CPU
		{73A28D1A-D29D-455B-8FC0-9CD263392F4B}.Debug|Any CPU.ActiveCfg = Debug|Any CPU
		{73A28D1A-D29D-455B-8FC0-9CD263392F4B}.Debug|Any CPU.Build.0 = Debug|Any CPU
		{73A28D1A-D29D-455B-8FC0-9CD263392F4B}.Release|Any CPU.ActiveCfg = Release|Any CPU
		{73A28D1A-D29D-455B-8FC0-9CD263392F4B}.Release|Any CPU.Build.0 = Release|Any CPU
		{7355874F-5586-4CAB-8327-3A053412E095}.Debug|Any CPU.ActiveCfg = Debug|Any CPU
		{7355874F-5586-4CAB-8327-3A053412E095}.Debug|Any CPU.Build.0 = Debug|Any CPU
		{7355874F-5586-4CAB-8327-3A053412E095}.Release|Any CPU.ActiveCfg = Release|Any CPU
		{7355874F-5586-4CAB-8327-3A053412E095}.Release|Any CPU.Build.0 = Release|Any CPU
		{AC45D6FE-39C0-4098-809D-9DABB6F1CB3D}.Debug|Any CPU.ActiveCfg = Debug|Any CPU
		{AC45D6FE-39C0-4098-809D-9DABB6F1CB3D}.Debug|Any CPU.Build.0 = Debug|Any CPU
		{AC45D6FE-39C0-4098-809D-9DABB6F1CB3D}.Release|Any CPU.ActiveCfg = Release|Any CPU
		{AC45D6FE-39C0-4098-809D-9DABB6F1CB3D}.Release|Any CPU.Build.0 = Release|Any CPU
		{0ECE7532-16CA-44F8-A84D-AAB7A5021243}.Debug|Any CPU.ActiveCfg = Debug|Any CPU
		{0ECE7532-16CA-44F8-A84D-AAB7A5021243}.Debug|Any CPU.Build.0 = Debug|Any CPU
		{0ECE7532-16CA-44F8-A84D-AAB7A5021243}.Release|Any CPU.ActiveCfg = Release|Any CPU
		{0ECE7532-16CA-44F8-A84D-AAB7A5021243}.Release|Any CPU.Build.0 = Release|Any CPU
		{53284889-3B5D-4587-8F24-CF82CCB68CD5}.Debug|Any CPU.ActiveCfg = Debug|Any CPU
		{53284889-3B5D-4587-8F24-CF82CCB68CD5}.Debug|Any CPU.Build.0 = Debug|Any CPU
		{53284889-3B5D-4587-8F24-CF82CCB68CD5}.Release|Any CPU.ActiveCfg = Release|Any CPU
		{53284889-3B5D-4587-8F24-CF82CCB68CD5}.Release|Any CPU.Build.0 = Release|Any CPU
		{1F7BD222-9377-4A31-A7F6-BBC2C1FA2593}.Debug|Any CPU.ActiveCfg = Debug|Any CPU
		{1F7BD222-9377-4A31-A7F6-BBC2C1FA2593}.Debug|Any CPU.Build.0 = Debug|Any CPU
		{1F7BD222-9377-4A31-A7F6-BBC2C1FA2593}.Release|Any CPU.ActiveCfg = Release|Any CPU
		{1F7BD222-9377-4A31-A7F6-BBC2C1FA2593}.Release|Any CPU.Build.0 = Release|Any CPU
		{54FBD279-0C9A-4EEC-8638-57492E479851}.Debug|Any CPU.ActiveCfg = Debug|Any CPU
		{54FBD279-0C9A-4EEC-8638-57492E479851}.Debug|Any CPU.Build.0 = Debug|Any CPU
		{54FBD279-0C9A-4EEC-8638-57492E479851}.Release|Any CPU.ActiveCfg = Release|Any CPU
		{54FBD279-0C9A-4EEC-8638-57492E479851}.Release|Any CPU.Build.0 = Release|Any CPU
		{522A424D-CCC7-4DFD-AB02-9D15EB167252}.Debug|Any CPU.ActiveCfg = Debug|Any CPU
		{522A424D-CCC7-4DFD-AB02-9D15EB167252}.Debug|Any CPU.Build.0 = Debug|Any CPU
		{522A424D-CCC7-4DFD-AB02-9D15EB167252}.Release|Any CPU.ActiveCfg = Release|Any CPU
		{522A424D-CCC7-4DFD-AB02-9D15EB167252}.Release|Any CPU.Build.0 = Release|Any CPU
		{521150EC-F727-4BEA-B765-55DD9E0C9B9D}.Debug|Any CPU.ActiveCfg = Debug|Any CPU
		{521150EC-F727-4BEA-B765-55DD9E0C9B9D}.Debug|Any CPU.Build.0 = Debug|Any CPU
		{521150EC-F727-4BEA-B765-55DD9E0C9B9D}.Release|Any CPU.ActiveCfg = Release|Any CPU
		{521150EC-F727-4BEA-B765-55DD9E0C9B9D}.Release|Any CPU.Build.0 = Release|Any CPU
		{AC0FB2E6-7D4C-4A59-BE7E-56EC2BAA8E87}.Debug|Any CPU.ActiveCfg = Debug|Any CPU
		{AC0FB2E6-7D4C-4A59-BE7E-56EC2BAA8E87}.Debug|Any CPU.Build.0 = Debug|Any CPU
		{AC0FB2E6-7D4C-4A59-BE7E-56EC2BAA8E87}.Release|Any CPU.ActiveCfg = Release|Any CPU
		{AC0FB2E6-7D4C-4A59-BE7E-56EC2BAA8E87}.Release|Any CPU.Build.0 = Release|Any CPU
		{12965847-6768-4398-80A0-BC4FBB7A8816}.Debug|Any CPU.ActiveCfg = Debug|Any CPU
		{12965847-6768-4398-80A0-BC4FBB7A8816}.Debug|Any CPU.Build.0 = Debug|Any CPU
		{12965847-6768-4398-80A0-BC4FBB7A8816}.Release|Any CPU.ActiveCfg = Release|Any CPU
		{12965847-6768-4398-80A0-BC4FBB7A8816}.Release|Any CPU.Build.0 = Release|Any CPU
		{7EC37D9E-D870-4829-8310-F73DD63E0338}.Debug|Any CPU.ActiveCfg = Debug|Any CPU
		{7EC37D9E-D870-4829-8310-F73DD63E0338}.Debug|Any CPU.Build.0 = Debug|Any CPU
		{7EC37D9E-D870-4829-8310-F73DD63E0338}.Release|Any CPU.ActiveCfg = Release|Any CPU
		{7EC37D9E-D870-4829-8310-F73DD63E0338}.Release|Any CPU.Build.0 = Release|Any CPU
		{A266F9B2-5BD8-4F83-8CA3-13EA7B2E77EB}.Debug|Any CPU.ActiveCfg = Debug|Any CPU
		{A266F9B2-5BD8-4F83-8CA3-13EA7B2E77EB}.Debug|Any CPU.Build.0 = Debug|Any CPU
		{A266F9B2-5BD8-4F83-8CA3-13EA7B2E77EB}.Release|Any CPU.ActiveCfg = Release|Any CPU
		{A266F9B2-5BD8-4F83-8CA3-13EA7B2E77EB}.Release|Any CPU.Build.0 = Release|Any CPU
		{CFE2F0F5-200C-4622-A89F-595485B9EEFA}.Debug|Any CPU.ActiveCfg = Debug|Any CPU
		{CFE2F0F5-200C-4622-A89F-595485B9EEFA}.Debug|Any CPU.Build.0 = Debug|Any CPU
		{CFE2F0F5-200C-4622-A89F-595485B9EEFA}.Release|Any CPU.ActiveCfg = Release|Any CPU
		{CFE2F0F5-200C-4622-A89F-595485B9EEFA}.Release|Any CPU.Build.0 = Release|Any CPU
		{87C423B5-398B-454D-A78D-4DD8EBCDFE51}.Debug|Any CPU.ActiveCfg = Debug|Any CPU
		{87C423B5-398B-454D-A78D-4DD8EBCDFE51}.Debug|Any CPU.Build.0 = Debug|Any CPU
		{87C423B5-398B-454D-A78D-4DD8EBCDFE51}.Release|Any CPU.ActiveCfg = Release|Any CPU
		{87C423B5-398B-454D-A78D-4DD8EBCDFE51}.Release|Any CPU.Build.0 = Release|Any CPU
		{4BD6AC6E-C6E5-4E7C-B319-AEAAD1D42CEB}.Debug|Any CPU.ActiveCfg = Debug|Any CPU
		{4BD6AC6E-C6E5-4E7C-B319-AEAAD1D42CEB}.Debug|Any CPU.Build.0 = Debug|Any CPU
		{4BD6AC6E-C6E5-4E7C-B319-AEAAD1D42CEB}.Release|Any CPU.ActiveCfg = Release|Any CPU
		{4BD6AC6E-C6E5-4E7C-B319-AEAAD1D42CEB}.Release|Any CPU.Build.0 = Release|Any CPU
		{F464E845-1886-447D-A71E-B03BBCC30AA4}.Debug|Any CPU.ActiveCfg = Debug|Any CPU
		{F464E845-1886-447D-A71E-B03BBCC30AA4}.Debug|Any CPU.Build.0 = Debug|Any CPU
		{F464E845-1886-447D-A71E-B03BBCC30AA4}.Release|Any CPU.ActiveCfg = Release|Any CPU
		{F464E845-1886-447D-A71E-B03BBCC30AA4}.Release|Any CPU.Build.0 = Release|Any CPU
		{D15A4AE8-E644-4FBC-8D15-89DA7C064E66}.Debug|Any CPU.ActiveCfg = Debug|Any CPU
		{D15A4AE8-E644-4FBC-8D15-89DA7C064E66}.Debug|Any CPU.Build.0 = Debug|Any CPU
		{D15A4AE8-E644-4FBC-8D15-89DA7C064E66}.Release|Any CPU.ActiveCfg = Release|Any CPU
		{D15A4AE8-E644-4FBC-8D15-89DA7C064E66}.Release|Any CPU.Build.0 = Release|Any CPU
		{5032DAC5-6134-4775-9B2B-2B311F624B1B}.Debug|Any CPU.ActiveCfg = Debug|Any CPU
		{5032DAC5-6134-4775-9B2B-2B311F624B1B}.Debug|Any CPU.Build.0 = Debug|Any CPU
		{5032DAC5-6134-4775-9B2B-2B311F624B1B}.Release|Any CPU.ActiveCfg = Release|Any CPU
		{5032DAC5-6134-4775-9B2B-2B311F624B1B}.Release|Any CPU.Build.0 = Release|Any CPU
		{2E5609A4-E7E5-4253-8B54-36F4E653DBFA}.Debug|Any CPU.ActiveCfg = Debug|Any CPU
		{2E5609A4-E7E5-4253-8B54-36F4E653DBFA}.Debug|Any CPU.Build.0 = Debug|Any CPU
		{2E5609A4-E7E5-4253-8B54-36F4E653DBFA}.Release|Any CPU.ActiveCfg = Release|Any CPU
		{2E5609A4-E7E5-4253-8B54-36F4E653DBFA}.Release|Any CPU.Build.0 = Release|Any CPU
		{1AF705E6-D15E-4578-A299-346345D25352}.Debug|Any CPU.ActiveCfg = Debug|Any CPU
		{1AF705E6-D15E-4578-A299-346345D25352}.Debug|Any CPU.Build.0 = Debug|Any CPU
		{1AF705E6-D15E-4578-A299-346345D25352}.Release|Any CPU.ActiveCfg = Release|Any CPU
		{1AF705E6-D15E-4578-A299-346345D25352}.Release|Any CPU.Build.0 = Release|Any CPU
		{2D77062E-6D8F-42F8-9F5D-712F7CB358F6}.Debug|Any CPU.ActiveCfg = Debug|Any CPU
		{2D77062E-6D8F-42F8-9F5D-712F7CB358F6}.Debug|Any CPU.Build.0 = Debug|Any CPU
		{2D77062E-6D8F-42F8-9F5D-712F7CB358F6}.Release|Any CPU.ActiveCfg = Release|Any CPU
		{2D77062E-6D8F-42F8-9F5D-712F7CB358F6}.Release|Any CPU.Build.0 = Release|Any CPU
		{338F9C7A-3FB7-4DC5-A9E3-4245233E84DA}.Debug|Any CPU.ActiveCfg = Debug|Any CPU
		{338F9C7A-3FB7-4DC5-A9E3-4245233E84DA}.Debug|Any CPU.Build.0 = Debug|Any CPU
		{338F9C7A-3FB7-4DC5-A9E3-4245233E84DA}.Release|Any CPU.ActiveCfg = Release|Any CPU
		{338F9C7A-3FB7-4DC5-A9E3-4245233E84DA}.Release|Any CPU.Build.0 = Release|Any CPU
		{D308B230-CA57-4235-ADEA-C94984FA7B94}.Debug|Any CPU.ActiveCfg = Debug|Any CPU
		{D308B230-CA57-4235-ADEA-C94984FA7B94}.Debug|Any CPU.Build.0 = Debug|Any CPU
		{D308B230-CA57-4235-ADEA-C94984FA7B94}.Release|Any CPU.ActiveCfg = Release|Any CPU
		{D308B230-CA57-4235-ADEA-C94984FA7B94}.Release|Any CPU.Build.0 = Release|Any CPU
		{8336CA6F-1EC8-4BD9-9C98-6652C32DAE9D}.Debug|Any CPU.ActiveCfg = Debug|Any CPU
		{8336CA6F-1EC8-4BD9-9C98-6652C32DAE9D}.Debug|Any CPU.Build.0 = Debug|Any CPU
		{8336CA6F-1EC8-4BD9-9C98-6652C32DAE9D}.Release|Any CPU.ActiveCfg = Release|Any CPU
		{8336CA6F-1EC8-4BD9-9C98-6652C32DAE9D}.Release|Any CPU.Build.0 = Release|Any CPU
		{6469AEAD-B0AF-45F0-9A7C-05FE51B778DD}.Debug|Any CPU.ActiveCfg = Debug|Any CPU
		{6469AEAD-B0AF-45F0-9A7C-05FE51B778DD}.Debug|Any CPU.Build.0 = Debug|Any CPU
		{6469AEAD-B0AF-45F0-9A7C-05FE51B778DD}.Release|Any CPU.ActiveCfg = Release|Any CPU
		{6469AEAD-B0AF-45F0-9A7C-05FE51B778DD}.Release|Any CPU.Build.0 = Release|Any CPU
		{5C99E37B-208E-488F-8341-A1153454B8E9}.Debug|Any CPU.ActiveCfg = Debug|Any CPU
		{5C99E37B-208E-488F-8341-A1153454B8E9}.Debug|Any CPU.Build.0 = Debug|Any CPU
		{5C99E37B-208E-488F-8341-A1153454B8E9}.Release|Any CPU.ActiveCfg = Release|Any CPU
		{5C99E37B-208E-488F-8341-A1153454B8E9}.Release|Any CPU.Build.0 = Release|Any CPU
		{8D12714D-060E-47D2-9ECA-5F029B804DD3}.Debug|Any CPU.ActiveCfg = Debug|Any CPU
		{8D12714D-060E-47D2-9ECA-5F029B804DD3}.Debug|Any CPU.Build.0 = Debug|Any CPU
		{8D12714D-060E-47D2-9ECA-5F029B804DD3}.Release|Any CPU.ActiveCfg = Release|Any CPU
		{8D12714D-060E-47D2-9ECA-5F029B804DD3}.Release|Any CPU.Build.0 = Release|Any CPU
		{43578546-9659-4002-841E-BF4A5D06B9C9}.Debug|Any CPU.ActiveCfg = Debug|Any CPU
		{43578546-9659-4002-841E-BF4A5D06B9C9}.Debug|Any CPU.Build.0 = Debug|Any CPU
		{43578546-9659-4002-841E-BF4A5D06B9C9}.Release|Any CPU.ActiveCfg = Release|Any CPU
		{43578546-9659-4002-841E-BF4A5D06B9C9}.Release|Any CPU.Build.0 = Release|Any CPU
		{9DE262CA-B392-41D7-ABDA-40D71757E174}.Debug|Any CPU.ActiveCfg = Debug|Any CPU
		{9DE262CA-B392-41D7-ABDA-40D71757E174}.Debug|Any CPU.Build.0 = Debug|Any CPU
		{9DE262CA-B392-41D7-ABDA-40D71757E174}.Release|Any CPU.ActiveCfg = Release|Any CPU
		{9DE262CA-B392-41D7-ABDA-40D71757E174}.Release|Any CPU.Build.0 = Release|Any CPU
	EndGlobalSection
	GlobalSection(SolutionProperties) = preSolution
		HideSolutionNode = FALSE
	EndGlobalSection
	GlobalSection(ExtensibilityGlobals) = postSolution
		SolutionGuid = {93DDB238-68E8-4EAA-9244-BBDF70F41BDB}
	EndGlobalSection
EndGlobal
