
Microsoft Visual Studio Solution File, Format Version 12.00
# Visual Studio 15
VisualStudioVersion = 15.0.28307.136
MinimumVisualStudioVersion = 10.0.40219.1
Project("{FAE04EC0-301F-11D3-BF4B-00C04F79EFBC}") = "1", "1\1.csproj", "{15BFC703-BC1C-4236-B5CB-19AA80042D44}"
EndProject
Project("{FAE04EC0-301F-11D3-BF4B-00C04F79EFBC}") = "2", "2\2.csproj", "{6E739E10-A964-433E-9B09-A1158B7CEDDA}"
EndProject
Project("{FAE04EC0-301F-11D3-BF4B-00C04F79EFBC}") = "3", "3\3.csproj", "{1FA7114D-B0A3-4BE2-B6CB-AE8352B41985}"
EndProject
Project("{FAE04EC0-301F-11D3-BF4B-00C04F79EFBC}") = "4", "4\4.csproj", "{712BBE0F-6B10-44A1-B297-D94A4DA70A7D}"
EndProject
Project("{FAE04EC0-301F-11D3-BF4B-00C04F79EFBC}") = "5", "5\5.csproj", "{0E5B41E6-4E53-407F-BDE5-9374EDAB1994}"
EndProject
Project("{FAE04EC0-301F-11D3-BF4B-00C04F79EFBC}") = "6", "6\6.csproj", "{6233123A-A16D-4AB9-9208-4261C1E494C7}"
EndProject
Project("{FAE04EC0-301F-11D3-BF4B-00C04F79EFBC}") = "7", "7\7.csproj", "{B85D8D06-BB2D-4331-B73C-2882393424E8}"
EndProject
Project("{FAE04EC0-301F-11D3-BF4B-00C04F79EFBC}") = "8", "8\8.csproj", "{02A65991-6095-4723-9859-9EE0D33A674E}"
EndProject
Project("{FAE04EC0-301F-11D3-BF4B-00C04F79EFBC}") = "9", "9\9.csproj", "{41E063B2-82BD-4061-B391-04966E26755B}"
EndProject
Project("{FAE04EC0-301F-11D3-BF4B-00C04F79EFBC}") = "10", "10\10.csproj", "{662FAF77-2F42-4416-AF0B-CB990FD6005E}"
EndProject
Project("{FAE04EC0-301F-11D3-BF4B-00C04F79EFBC}") = "11", "11\11.csproj", "{1B2145FF-3CE4-4EBC-BDA1-87F7010042F9}"
EndProject
Project("{FAE04EC0-301F-11D3-BF4B-00C04F79EFBC}") = "12", "12\12.csproj", "{6F611712-D1C0-413A-871F-93B9FC0DD794}"
EndProject
Project("{FAE04EC0-301F-11D3-BF4B-00C04F79EFBC}") = "13", "13\13.csproj", "{10D1460F-894B-4317-99BD-9E4F58E65A5E}"
EndProject
Project("{FAE04EC0-301F-11D3-BF4B-00C04F79EFBC}") = "14", "14\14.csproj", "{01E7BAB6-8097-441F-9563-B25FD968570A}"
EndProject
Project("{FAE04EC0-301F-11D3-BF4B-00C04F79EFBC}") = "17", "17\17.csproj", "{6D391F69-FE7E-4829-996F-546A0BA48C3A}"
EndProject
Project("{FAE04EC0-301F-11D3-BF4B-00C04F79EFBC}") = "18", "18\18.csproj", "{3AA02B06-FFBD-4981-A14D-7997D37BD882}"
EndProject
Project("{FAE04EC0-301F-11D3-BF4B-00C04F79EFBC}") = "19", "19\19.csproj", "{F6B10DF6-0892-466D-909A-16A3873CB24C}"
EndProject
Project("{FAE04EC0-301F-11D3-BF4B-00C04F79EFBC}") = "20", "20\20.csproj", "{207E97D3-F223-4850-B03D-A5ABD6AFAB78}"
EndProject
Project("{FAE04EC0-301F-11D3-BF4B-00C04F79EFBC}") = "21", "21\21.csproj", "{C8E89DAD-9D4C-44D0-9C80-D7489653CDFA}"
EndProject
Project("{FAE04EC0-301F-11D3-BF4B-00C04F79EFBC}") = "22", "22\22.csproj", "{0E136460-E6B3-4248-AB95-AA0DABEE6092}"
EndProject
Project("{FAE04EC0-301F-11D3-BF4B-00C04F79EFBC}") = "23", "23\23.csproj", "{8178534B-DC0A-4FEA-9A19-5DE84BC2A72E}"
EndProject
Project("{FAE04EC0-301F-11D3-BF4B-00C04F79EFBC}") = "24", "24\24.csproj", "{A83FB087-DAF2-4777-A41D-4EB5B8364436}"
EndProject
Project("{FAE04EC0-301F-11D3-BF4B-00C04F79EFBC}") = "25", "25\25.csproj", "{40752343-C7D9-476E-BD0F-6E2AC1B4886E}"
EndProject
Global
	GlobalSection(SolutionConfigurationPlatforms) = preSolution
		Debug|Any CPU = Debug|Any CPU
		Release|Any CPU = Release|Any CPU
	EndGlobalSection
	GlobalSection(ProjectConfigurationPlatforms) = postSolution
		{15BFC703-BC1C-4236-B5CB-19AA80042D44}.Debug|Any CPU.ActiveCfg = Debug|Any CPU
		{15BFC703-BC1C-4236-B5CB-19AA80042D44}.Debug|Any CPU.Build.0 = Debug|Any CPU
		{15BFC703-BC1C-4236-B5CB-19AA80042D44}.Release|Any CPU.ActiveCfg = Release|Any CPU
		{15BFC703-BC1C-4236-B5CB-19AA80042D44}.Release|Any CPU.Build.0 = Release|Any CPU
		{6E739E10-A964-433E-9B09-A1158B7CEDDA}.Debug|Any CPU.ActiveCfg = Debug|Any CPU
		{6E739E10-A964-433E-9B09-A1158B7CEDDA}.Debug|Any CPU.Build.0 = Debug|Any CPU
		{6E739E10-A964-433E-9B09-A1158B7CEDDA}.Release|Any CPU.ActiveCfg = Release|Any CPU
		{6E739E10-A964-433E-9B09-A1158B7CEDDA}.Release|Any CPU.Build.0 = Release|Any CPU
		{1FA7114D-B0A3-4BE2-B6CB-AE8352B41985}.Debug|Any CPU.ActiveCfg = Debug|Any CPU
		{1FA7114D-B0A3-4BE2-B6CB-AE8352B41985}.Debug|Any CPU.Build.0 = Debug|Any CPU
		{1FA7114D-B0A3-4BE2-B6CB-AE8352B41985}.Release|Any CPU.ActiveCfg = Release|Any CPU
		{1FA7114D-B0A3-4BE2-B6CB-AE8352B41985}.Release|Any CPU.Build.0 = Release|Any CPU
		{712BBE0F-6B10-44A1-B297-D94A4DA70A7D}.Debug|Any CPU.ActiveCfg = Debug|Any CPU
		{712BBE0F-6B10-44A1-B297-D94A4DA70A7D}.Debug|Any CPU.Build.0 = Debug|Any CPU
		{712BBE0F-6B10-44A1-B297-D94A4DA70A7D}.Release|Any CPU.ActiveCfg = Release|Any CPU
		{712BBE0F-6B10-44A1-B297-D94A4DA70A7D}.Release|Any CPU.Build.0 = Release|Any CPU
		{0E5B41E6-4E53-407F-BDE5-9374EDAB1994}.Debug|Any CPU.ActiveCfg = Debug|Any CPU
		{0E5B41E6-4E53-407F-BDE5-9374EDAB1994}.Debug|Any CPU.Build.0 = Debug|Any CPU
		{0E5B41E6-4E53-407F-BDE5-9374EDAB1994}.Release|Any CPU.ActiveCfg = Release|Any CPU
		{0E5B41E6-4E53-407F-BDE5-9374EDAB1994}.Release|Any CPU.Build.0 = Release|Any CPU
		{6233123A-A16D-4AB9-9208-4261C1E494C7}.Debug|Any CPU.ActiveCfg = Debug|Any CPU
		{6233123A-A16D-4AB9-9208-4261C1E494C7}.Debug|Any CPU.Build.0 = Debug|Any CPU
		{6233123A-A16D-4AB9-9208-4261C1E494C7}.Release|Any CPU.ActiveCfg = Release|Any CPU
		{6233123A-A16D-4AB9-9208-4261C1E494C7}.Release|Any CPU.Build.0 = Release|Any CPU
		{B85D8D06-BB2D-4331-B73C-2882393424E8}.Debug|Any CPU.ActiveCfg = Debug|Any CPU
		{B85D8D06-BB2D-4331-B73C-2882393424E8}.Debug|Any CPU.Build.0 = Debug|Any CPU
		{B85D8D06-BB2D-4331-B73C-2882393424E8}.Release|Any CPU.ActiveCfg = Release|Any CPU
		{B85D8D06-BB2D-4331-B73C-2882393424E8}.Release|Any CPU.Build.0 = Release|Any CPU
		{02A65991-6095-4723-9859-9EE0D33A674E}.Debug|Any CPU.ActiveCfg = Debug|Any CPU
		{02A65991-6095-4723-9859-9EE0D33A674E}.Debug|Any CPU.Build.0 = Debug|Any CPU
		{02A65991-6095-4723-9859-9EE0D33A674E}.Release|Any CPU.ActiveCfg = Release|Any CPU
		{02A65991-6095-4723-9859-9EE0D33A674E}.Release|Any CPU.Build.0 = Release|Any CPU
		{41E063B2-82BD-4061-B391-04966E26755B}.Debug|Any CPU.ActiveCfg = Debug|Any CPU
		{41E063B2-82BD-4061-B391-04966E26755B}.Debug|Any CPU.Build.0 = Debug|Any CPU
		{41E063B2-82BD-4061-B391-04966E26755B}.Release|Any CPU.ActiveCfg = Release|Any CPU
		{41E063B2-82BD-4061-B391-04966E26755B}.Release|Any CPU.Build.0 = Release|Any CPU
		{662FAF77-2F42-4416-AF0B-CB990FD6005E}.Debug|Any CPU.ActiveCfg = Debug|Any CPU
		{662FAF77-2F42-4416-AF0B-CB990FD6005E}.Debug|Any CPU.Build.0 = Debug|Any CPU
		{662FAF77-2F42-4416-AF0B-CB990FD6005E}.Release|Any CPU.ActiveCfg = Release|Any CPU
		{662FAF77-2F42-4416-AF0B-CB990FD6005E}.Release|Any CPU.Build.0 = Release|Any CPU
		{1B2145FF-3CE4-4EBC-BDA1-87F7010042F9}.Debug|Any CPU.ActiveCfg = Debug|Any CPU
		{1B2145FF-3CE4-4EBC-BDA1-87F7010042F9}.Debug|Any CPU.Build.0 = Debug|Any CPU
		{1B2145FF-3CE4-4EBC-BDA1-87F7010042F9}.Release|Any CPU.ActiveCfg = Release|Any CPU
		{1B2145FF-3CE4-4EBC-BDA1-87F7010042F9}.Release|Any CPU.Build.0 = Release|Any CPU
		{6F611712-D1C0-413A-871F-93B9FC0DD794}.Debug|Any CPU.ActiveCfg = Debug|Any CPU
		{6F611712-D1C0-413A-871F-93B9FC0DD794}.Debug|Any CPU.Build.0 = Debug|Any CPU
		{6F611712-D1C0-413A-871F-93B9FC0DD794}.Release|Any CPU.ActiveCfg = Release|Any CPU
		{6F611712-D1C0-413A-871F-93B9FC0DD794}.Release|Any CPU.Build.0 = Release|Any CPU
		{10D1460F-894B-4317-99BD-9E4F58E65A5E}.Debug|Any CPU.ActiveCfg = Debug|Any CPU
		{10D1460F-894B-4317-99BD-9E4F58E65A5E}.Debug|Any CPU.Build.0 = Debug|Any CPU
		{10D1460F-894B-4317-99BD-9E4F58E65A5E}.Release|Any CPU.ActiveCfg = Release|Any CPU
		{10D1460F-894B-4317-99BD-9E4F58E65A5E}.Release|Any CPU.Build.0 = Release|Any CPU
		{01E7BAB6-8097-441F-9563-B25FD968570A}.Debug|Any CPU.ActiveCfg = Debug|Any CPU
		{01E7BAB6-8097-441F-9563-B25FD968570A}.Debug|Any CPU.Build.0 = Debug|Any CPU
		{01E7BAB6-8097-441F-9563-B25FD968570A}.Release|Any CPU.ActiveCfg = Release|Any CPU
		{01E7BAB6-8097-441F-9563-B25FD968570A}.Release|Any CPU.Build.0 = Release|Any CPU
		{6D391F69-FE7E-4829-996F-546A0BA48C3A}.Debug|Any CPU.ActiveCfg = Debug|Any CPU
		{6D391F69-FE7E-4829-996F-546A0BA48C3A}.Debug|Any CPU.Build.0 = Debug|Any CPU
		{6D391F69-FE7E-4829-996F-546A0BA48C3A}.Release|Any CPU.ActiveCfg = Release|Any CPU
		{6D391F69-FE7E-4829-996F-546A0BA48C3A}.Release|Any CPU.Build.0 = Release|Any CPU
		{3AA02B06-FFBD-4981-A14D-7997D37BD882}.Debug|Any CPU.ActiveCfg = Debug|Any CPU
		{3AA02B06-FFBD-4981-A14D-7997D37BD882}.Debug|Any CPU.Build.0 = Debug|Any CPU
		{3AA02B06-FFBD-4981-A14D-7997D37BD882}.Release|Any CPU.ActiveCfg = Release|Any CPU
		{3AA02B06-FFBD-4981-A14D-7997D37BD882}.Release|Any CPU.Build.0 = Release|Any CPU
		{F6B10DF6-0892-466D-909A-16A3873CB24C}.Debug|Any CPU.ActiveCfg = Debug|Any CPU
		{F6B10DF6-0892-466D-909A-16A3873CB24C}.Debug|Any CPU.Build.0 = Debug|Any CPU
		{F6B10DF6-0892-466D-909A-16A3873CB24C}.Release|Any CPU.ActiveCfg = Release|Any CPU
		{F6B10DF6-0892-466D-909A-16A3873CB24C}.Release|Any CPU.Build.0 = Release|Any CPU
		{207E97D3-F223-4850-B03D-A5ABD6AFAB78}.Debug|Any CPU.ActiveCfg = Debug|Any CPU
		{207E97D3-F223-4850-B03D-A5ABD6AFAB78}.Debug|Any CPU.Build.0 = Debug|Any CPU
		{207E97D3-F223-4850-B03D-A5ABD6AFAB78}.Release|Any CPU.ActiveCfg = Release|Any CPU
		{207E97D3-F223-4850-B03D-A5ABD6AFAB78}.Release|Any CPU.Build.0 = Release|Any CPU
		{C8E89DAD-9D4C-44D0-9C80-D7489653CDFA}.Debug|Any CPU.ActiveCfg = Debug|Any CPU
		{C8E89DAD-9D4C-44D0-9C80-D7489653CDFA}.Debug|Any CPU.Build.0 = Debug|Any CPU
		{C8E89DAD-9D4C-44D0-9C80-D7489653CDFA}.Release|Any CPU.ActiveCfg = Release|Any CPU
		{C8E89DAD-9D4C-44D0-9C80-D7489653CDFA}.Release|Any CPU.Build.0 = Release|Any CPU
		{0E136460-E6B3-4248-AB95-AA0DABEE6092}.Debug|Any CPU.ActiveCfg = Debug|Any CPU
		{0E136460-E6B3-4248-AB95-AA0DABEE6092}.Debug|Any CPU.Build.0 = Debug|Any CPU
		{0E136460-E6B3-4248-AB95-AA0DABEE6092}.Release|Any CPU.ActiveCfg = Release|Any CPU
		{0E136460-E6B3-4248-AB95-AA0DABEE6092}.Release|Any CPU.Build.0 = Release|Any CPU
		{8178534B-DC0A-4FEA-9A19-5DE84BC2A72E}.Debug|Any CPU.ActiveCfg = Debug|Any CPU
		{8178534B-DC0A-4FEA-9A19-5DE84BC2A72E}.Debug|Any CPU.Build.0 = Debug|Any CPU
		{8178534B-DC0A-4FEA-9A19-5DE84BC2A72E}.Release|Any CPU.ActiveCfg = Release|Any CPU
		{8178534B-DC0A-4FEA-9A19-5DE84BC2A72E}.Release|Any CPU.Build.0 = Release|Any CPU
		{A83FB087-DAF2-4777-A41D-4EB5B8364436}.Debug|Any CPU.ActiveCfg = Debug|Any CPU
		{A83FB087-DAF2-4777-A41D-4EB5B8364436}.Debug|Any CPU.Build.0 = Debug|Any CPU
		{A83FB087-DAF2-4777-A41D-4EB5B8364436}.Release|Any CPU.ActiveCfg = Release|Any CPU
		{A83FB087-DAF2-4777-A41D-4EB5B8364436}.Release|Any CPU.Build.0 = Release|Any CPU
		{40752343-C7D9-476E-BD0F-6E2AC1B4886E}.Debug|Any CPU.ActiveCfg = Debug|Any CPU
		{40752343-C7D9-476E-BD0F-6E2AC1B4886E}.Debug|Any CPU.Build.0 = Debug|Any CPU
		{40752343-C7D9-476E-BD0F-6E2AC1B4886E}.Release|Any CPU.ActiveCfg = Release|Any CPU
		{40752343-C7D9-476E-BD0F-6E2AC1B4886E}.Release|Any CPU.Build.0 = Release|Any CPU
	EndGlobalSection
	GlobalSection(SolutionProperties) = preSolution
		HideSolutionNode = FALSE
	EndGlobalSection
	GlobalSection(ExtensibilityGlobals) = postSolution
		SolutionGuid = {2F59DF74-7C24-4CDD-99C5-AAB7FE483DC9}
	EndGlobalSection
EndGlobal
