
Microsoft Visual Studio Solution File, Format Version 12.00
# Visual Studio 15
VisualStudioVersion = 15.0.28307.136
MinimumVisualStudioVersion = 10.0.40219.1
Project("{FAE04EC0-301F-11D3-BF4B-00C04F79EFBC}") = "1", "1\1.csproj", "{4965B355-A8C1-4832-9015-890A9B53BEF2}"
EndProject
Project("{FAE04EC0-301F-11D3-BF4B-00C04F79EFBC}") = "2", "2\2.csproj", "{D67944A8-EC06-4F04-AECE-924B14DE1C2F}"
EndProject
Project("{FAE04EC0-301F-11D3-BF4B-00C04F79EFBC}") = "3", "3\3.csproj", "{2B4DD3AD-1FE5-4E61-92E6-FA589EFF785D}"
EndProject
Project("{FAE04EC0-301F-11D3-BF4B-00C04F79EFBC}") = "4", "4\4.csproj", "{787C66E9-37D3-4095-BC9D-41B3676E6F32}"
EndProject
Project("{FAE04EC0-301F-11D3-BF4B-00C04F79EFBC}") = "5", "5\5.csproj", "{EE1C8412-36B3-4920-B927-8D28D3DBC88E}"
EndProject
Project("{FAE04EC0-301F-11D3-BF4B-00C04F79EFBC}") = "6", "6\6.csproj", "{6FA8DE5A-9AA3-4B59-AAD6-ED8BBB7607CD}"
EndProject
Project("{FAE04EC0-301F-11D3-BF4B-00C04F79EFBC}") = "7", "7\7.csproj", "{A235A1B0-0A0F-4ACD-AEA2-FF98F11C1F8F}"
EndProject
Project("{FAE04EC0-301F-11D3-BF4B-00C04F79EFBC}") = "8", "8\8.csproj", "{EADFFDA8-50C6-441F-AA64-E5DC3B77E82E}"
EndProject
Project("{FAE04EC0-301F-11D3-BF4B-00C04F79EFBC}") = "9", "9\9.csproj", "{FCF25178-EADC-44F2-9564-9B350CD1009E}"
EndProject
Project("{FAE04EC0-301F-11D3-BF4B-00C04F79EFBC}") = "10", "10\10.csproj", "{F5544CF6-9565-4837-AC7E-9723C0837EE8}"
EndProject
Project("{FAE04EC0-301F-11D3-BF4B-00C04F79EFBC}") = "11", "11\11.csproj", "{C019E248-DE9A-4DD7-AAA8-CEA3EC84081A}"
EndProject
Global
	GlobalSection(SolutionConfigurationPlatforms) = preSolution
		Debug|Any CPU = Debug|Any CPU
		Release|Any CPU = Release|Any CPU
	EndGlobalSection
	GlobalSection(ProjectConfigurationPlatforms) = postSolution
		{4965B355-A8C1-4832-9015-890A9B53BEF2}.Debug|Any CPU.ActiveCfg = Debug|Any CPU
		{4965B355-A8C1-4832-9015-890A9B53BEF2}.Debug|Any CPU.Build.0 = Debug|Any CPU
		{4965B355-A8C1-4832-9015-890A9B53BEF2}.Release|Any CPU.ActiveCfg = Release|Any CPU
		{4965B355-A8C1-4832-9015-890A9B53BEF2}.Release|Any CPU.Build.0 = Release|Any CPU
		{D67944A8-EC06-4F04-AECE-924B14DE1C2F}.Debug|Any CPU.ActiveCfg = Debug|Any CPU
		{D67944A8-EC06-4F04-AECE-924B14DE1C2F}.Debug|Any CPU.Build.0 = Debug|Any CPU
		{D67944A8-EC06-4F04-AECE-924B14DE1C2F}.Release|Any CPU.ActiveCfg = Release|Any CPU
		{D67944A8-EC06-4F04-AECE-924B14DE1C2F}.Release|Any CPU.Build.0 = Release|Any CPU
		{2B4DD3AD-1FE5-4E61-92E6-FA589EFF785D}.Debug|Any CPU.ActiveCfg = Debug|Any CPU
		{2B4DD3AD-1FE5-4E61-92E6-FA589EFF785D}.Debug|Any CPU.Build.0 = Debug|Any CPU
		{2B4DD3AD-1FE5-4E61-92E6-FA589EFF785D}.Release|Any CPU.ActiveCfg = Release|Any CPU
		{2B4DD3AD-1FE5-4E61-92E6-FA589EFF785D}.Release|Any CPU.Build.0 = Release|Any CPU
		{787C66E9-37D3-4095-BC9D-41B3676E6F32}.Debug|Any CPU.ActiveCfg = Debug|Any CPU
		{787C66E9-37D3-4095-BC9D-41B3676E6F32}.Debug|Any CPU.Build.0 = Debug|Any CPU
		{787C66E9-37D3-4095-BC9D-41B3676E6F32}.Release|Any CPU.ActiveCfg = Release|Any CPU
		{787C66E9-37D3-4095-BC9D-41B3676E6F32}.Release|Any CPU.Build.0 = Release|Any CPU
		{EE1C8412-36B3-4920-B927-8D28D3DBC88E}.Debug|Any CPU.ActiveCfg = Debug|Any CPU
		{EE1C8412-36B3-4920-B927-8D28D3DBC88E}.Debug|Any CPU.Build.0 = Debug|Any CPU
		{EE1C8412-36B3-4920-B927-8D28D3DBC88E}.Release|Any CPU.ActiveCfg = Release|Any CPU
		{EE1C8412-36B3-4920-B927-8D28D3DBC88E}.Release|Any CPU.Build.0 = Release|Any CPU
		{6FA8DE5A-9AA3-4B59-AAD6-ED8BBB7607CD}.Debug|Any CPU.ActiveCfg = Debug|Any CPU
		{6FA8DE5A-9AA3-4B59-AAD6-ED8BBB7607CD}.Debug|Any CPU.Build.0 = Debug|Any CPU
		{6FA8DE5A-9AA3-4B59-AAD6-ED8BBB7607CD}.Release|Any CPU.ActiveCfg = Release|Any CPU
		{6FA8DE5A-9AA3-4B59-AAD6-ED8BBB7607CD}.Release|Any CPU.Build.0 = Release|Any CPU
		{A235A1B0-0A0F-4ACD-AEA2-FF98F11C1F8F}.Debug|Any CPU.ActiveCfg = Debug|Any CPU
		{A235A1B0-0A0F-4ACD-AEA2-FF98F11C1F8F}.Debug|Any CPU.Build.0 = Debug|Any CPU
		{A235A1B0-0A0F-4ACD-AEA2-FF98F11C1F8F}.Release|Any CPU.ActiveCfg = Release|Any CPU
		{A235A1B0-0A0F-4ACD-AEA2-FF98F11C1F8F}.Release|Any CPU.Build.0 = Release|Any CPU
		{EADFFDA8-50C6-441F-AA64-E5DC3B77E82E}.Debug|Any CPU.ActiveCfg = Debug|Any CPU
		{EADFFDA8-50C6-441F-AA64-E5DC3B77E82E}.Debug|Any CPU.Build.0 = Debug|Any CPU
		{EADFFDA8-50C6-441F-AA64-E5DC3B77E82E}.Release|Any CPU.ActiveCfg = Release|Any CPU
		{EADFFDA8-50C6-441F-AA64-E5DC3B77E82E}.Release|Any CPU.Build.0 = Release|Any CPU
		{FCF25178-EADC-44F2-9564-9B350CD1009E}.Debug|Any CPU.ActiveCfg = Debug|Any CPU
		{FCF25178-EADC-44F2-9564-9B350CD1009E}.Debug|Any CPU.Build.0 = Debug|Any CPU
		{FCF25178-EADC-44F2-9564-9B350CD1009E}.Release|Any CPU.ActiveCfg = Release|Any CPU
		{FCF25178-EADC-44F2-9564-9B350CD1009E}.Release|Any CPU.Build.0 = Release|Any CPU
		{F5544CF6-9565-4837-AC7E-9723C0837EE8}.Debug|Any CPU.ActiveCfg = Debug|Any CPU
		{F5544CF6-9565-4837-AC7E-9723C0837EE8}.Debug|Any CPU.Build.0 = Debug|Any CPU
		{F5544CF6-9565-4837-AC7E-9723C0837EE8}.Release|Any CPU.ActiveCfg = Release|Any CPU
		{F5544CF6-9565-4837-AC7E-9723C0837EE8}.Release|Any CPU.Build.0 = Release|Any CPU
		{C019E248-DE9A-4DD7-AAA8-CEA3EC84081A}.Debug|Any CPU.ActiveCfg = Debug|Any CPU
		{C019E248-DE9A-4DD7-AAA8-CEA3EC84081A}.Debug|Any CPU.Build.0 = Debug|Any CPU
		{C019E248-DE9A-4DD7-AAA8-CEA3EC84081A}.Release|Any CPU.ActiveCfg = Release|Any CPU
		{C019E248-DE9A-4DD7-AAA8-CEA3EC84081A}.Release|Any CPU.Build.0 = Release|Any CPU
	EndGlobalSection
	GlobalSection(SolutionProperties) = preSolution
		HideSolutionNode = FALSE
	EndGlobalSection
	GlobalSection(ExtensibilityGlobals) = postSolution
		SolutionGuid = {27A515F9-DEEB-4ACE-BFD7-F0C82BA0FAF4}
	EndGlobalSection
EndGlobal
