
Microsoft Visual Studio Solution File, Format Version 12.00
# Visual Studio 15
VisualStudioVersion = 15.0.27703.2042
MinimumVisualStudioVersion = 10.0.40219.1
Project("{FAE04EC0-301F-11D3-BF4B-00C04F79EFBC}") = "ConsoleApp1", "ConsoleApp1\ConsoleApp1.csproj", "{DFA47869-4279-4584-85F7-9A9802042BE7}"
EndProject
Global
	GlobalSection(SolutionConfigurationPlatforms) = preSolution
		Debug|Any CPU = Debug|Any CPU
		Release|Any CPU = Release|Any CPU
	EndGlobalSection
	GlobalSection(ProjectConfigurationPlatforms) = postSolution
		{DFA47869-4279-4584-85F7-9A9802042BE7}.Debug|Any CPU.ActiveCfg = Debug|Any CPU
		{DFA47869-4279-4584-85F7-9A9802042BE7}.Debug|Any CPU.Build.0 = Debug|Any CPU
		{DFA47869-4279-4584-85F7-9A9802042BE7}.Release|Any CPU.ActiveCfg = Release|Any CPU
		{DFA47869-4279-4584-85F7-9A9802042BE7}.Release|Any CPU.Build.0 = Release|Any CPU
	EndGlobalSection
	GlobalSection(SolutionProperties) = preSolution
		HideSolutionNode = FALSE
	EndGlobalSection
	GlobalSection(ExtensibilityGlobals) = postSolution
		SolutionGuid = {16390A57-A86D-4164-9E21-2E2F70BE41E4}
	EndGlobalSection
EndGlobal
