
Microsoft Visual Studio Solution File, Format Version 12.00
# Visual Studio 15
VisualStudioVersion = 15.0.28307.136
MinimumVisualStudioVersion = 10.0.40219.1
Project("{FAE04EC0-301F-11D3-BF4B-00C04F79EFBC}") = "WindowsFormsApp1", "WindowsFormsApp1\WindowsFormsApp1.csproj", "{09B0BB86-737C-4806-834F-B8240D55E202}"
EndProject
Global
	GlobalSection(SolutionConfigurationPlatforms) = preSolution
		Debug|Any CPU = Debug|Any CPU
		Release|Any CPU = Release|Any CPU
	EndGlobalSection
	GlobalSection(ProjectConfigurationPlatforms) = postSolution
		{09B0BB86-737C-4806-834F-B8240D55E202}.Debug|Any CPU.ActiveCfg = Debug|Any CPU
		{09B0BB86-737C-4806-834F-B8240D55E202}.Debug|Any CPU.Build.0 = Debug|Any CPU
		{09B0BB86-737C-4806-834F-B8240D55E202}.Release|Any CPU.ActiveCfg = Release|Any CPU
		{09B0BB86-737C-4806-834F-B8240D55E202}.Release|Any CPU.Build.0 = Release|Any CPU
	EndGlobalSection
	GlobalSection(SolutionProperties) = preSolution
		HideSolutionNode = FALSE
	EndGlobalSection
	GlobalSection(ExtensibilityGlobals) = postSolution
		SolutionGuid = {75E0D32C-A2AE-4E54-B6C7-31B2C3384F52}
	EndGlobalSection
EndGlobal
