
Microsoft Visual Studio Solution File, Format Version 12.00
# Visual Studio 15
VisualStudioVersion = 15.0.28307.136
MinimumVisualStudioVersion = 10.0.40219.1
Project("{FAE04EC0-301F-11D3-BF4B-00C04F79EFBC}") = "MatchingGame", "MatchingGame\MatchingGame.csproj", "{DF198463-4A5C-4BE5-8EF3-FA8A781B65D8}"
EndProject
Global
	GlobalSection(SolutionConfigurationPlatforms) = preSolution
		Debug|Any CPU = Debug|Any CPU
		Release|Any CPU = Release|Any CPU
	EndGlobalSection
	GlobalSection(ProjectConfigurationPlatforms) = postSolution
		{DF198463-4A5C-4BE5-8EF3-FA8A781B65D8}.Debug|Any CPU.ActiveCfg = Debug|Any CPU
		{DF198463-4A5C-4BE5-8EF3-FA8A781B65D8}.Debug|Any CPU.Build.0 = Debug|Any CPU
		{DF198463-4A5C-4BE5-8EF3-FA8A781B65D8}.Release|Any CPU.ActiveCfg = Release|Any CPU
		{DF198463-4A5C-4BE5-8EF3-FA8A781B65D8}.Release|Any CPU.Build.0 = Release|Any CPU
	EndGlobalSection
	GlobalSection(SolutionProperties) = preSolution
		HideSolutionNode = FALSE
	EndGlobalSection
	GlobalSection(ExtensibilityGlobals) = postSolution
		SolutionGuid = {653D0D35-DFE0-4C31-8136-6B33AD0F2078}
	EndGlobalSection
EndGlobal
